// !$*UTF8*$!
{
	archiveVersion = 1;
	classes = {
	};
	objectVersion = 46;
	objects = {

/* Begin PBXBuildFile section */
		11B828FE3F8065EA1143B368 /* Pods_TwoPenceTests.framework in Frameworks */ = {isa = PBXBuildFile; fileRef = BBA659A8259FF831A743AD73 /* Pods_TwoPenceTests.framework */; };
		433E021548F1500E56357705 /* Pods_TwoPence.framework in Frameworks */ = {isa = PBXBuildFile; fileRef = D396EF33C417C0F5EA4E633C /* Pods_TwoPence.framework */; };
		BE088F201EDF71DF00F1B8C2 /* TransferTypeCell.swift in Sources */ = {isa = PBXBuildFile; fileRef = BE088F1E1EDF71DF00F1B8C2 /* TransferTypeCell.swift */; };
		BE088F211EDF71DF00F1B8C2 /* TransferTypeCell.xib in Resources */ = {isa = PBXBuildFile; fileRef = BE088F1F1EDF71DF00F1B8C2 /* TransferTypeCell.xib */; };
		BE09ABCF1ECC085000EEE0C7 /* Int.swift in Sources */ = {isa = PBXBuildFile; fileRef = BE09ABCE1ECC085000EEE0C7 /* Int.swift */; };
		BE09ABD11ECCE79800EEE0C7 /* ArcherPro-Bold.otf in Resources */ = {isa = PBXBuildFile; fileRef = BE09ABD01ECCE79800EEE0C7 /* ArcherPro-Bold.otf */; };
		BE09ABD31ED0E2B400EEE0C7 /* Double.swift in Sources */ = {isa = PBXBuildFile; fileRef = BE09ABD21ED0E2B400EEE0C7 /* Double.swift */; };
		BE1983551EBD08C60059F716 /* PendingTransferCell.swift in Sources */ = {isa = PBXBuildFile; fileRef = BE1983531EBD08C60059F716 /* PendingTransferCell.swift */; };
		BE1983561EBD08C60059F716 /* PendingTransferCell.xib in Resources */ = {isa = PBXBuildFile; fileRef = BE1983541EBD08C60059F716 /* PendingTransferCell.xib */; };
		BE1983591EBD0A230059F716 /* MatchedCell.swift in Sources */ = {isa = PBXBuildFile; fileRef = BE1983571EBD0A230059F716 /* MatchedCell.swift */; };
		BE19835A1EBD0A230059F716 /* MatchedCell.xib in Resources */ = {isa = PBXBuildFile; fileRef = BE1983581EBD0A230059F716 /* MatchedCell.xib */; };
		BE19835C1EBD119E0059F716 /* SavingsRate.swift in Sources */ = {isa = PBXBuildFile; fileRef = BE19835B1EBD119E0059F716 /* SavingsRate.swift */; };
		BE3F8D691EC3994900CA6F34 /* DebtHeaderView.swift in Sources */ = {isa = PBXBuildFile; fileRef = BE3F8D681EC3994900CA6F34 /* DebtHeaderView.swift */; };
		BE3F8D6B1EC3995500CA6F34 /* DebtHeaderView.xib in Resources */ = {isa = PBXBuildFile; fileRef = BE3F8D6A1EC3995500CA6F34 /* DebtHeaderView.xib */; };
		BE3F8D811EC5006400CA6F34 /* Lato-Regular.ttf in Resources */ = {isa = PBXBuildFile; fileRef = BE3F8D801EC5006400CA6F34 /* Lato-Regular.ttf */; };
		BE3F8D831EC8160A00CA6F34 /* Lato-Light.ttf in Resources */ = {isa = PBXBuildFile; fileRef = BE3F8D821EC8160A00CA6F34 /* Lato-Light.ttf */; };
		BE3F8D861EC9784900CA6F34 /* JoltCell.swift in Sources */ = {isa = PBXBuildFile; fileRef = BE3F8D841EC9784800CA6F34 /* JoltCell.swift */; };
		BE3F8D871EC9784900CA6F34 /* JoltCell.xib in Resources */ = {isa = PBXBuildFile; fileRef = BE3F8D851EC9784800CA6F34 /* JoltCell.xib */; };
		BE61444E1EE0E03500E3F799 /* AppCopy.swift in Sources */ = {isa = PBXBuildFile; fileRef = BE61444D1EE0E03500E3F799 /* AppCopy.swift */; };
		BE8D3E111EB1858B00BE92C9 /* DashboardViewController.swift in Sources */ = {isa = PBXBuildFile; fileRef = BE8D3E101EB1858B00BE92C9 /* DashboardViewController.swift */; };
		BE8D3E131EB185BF00BE92C9 /* SettingsViewController.swift in Sources */ = {isa = PBXBuildFile; fileRef = BE8D3E121EB185BF00BE92C9 /* SettingsViewController.swift */; };
		BE8D3E151EB1862400BE92C9 /* DebtMilestoneViewController.swift in Sources */ = {isa = PBXBuildFile; fileRef = BE8D3E141EB1862400BE92C9 /* DebtMilestoneViewController.swift */; };
		BEC79A731ED624AF00DD6227 /* TransfersViewController.swift in Sources */ = {isa = PBXBuildFile; fileRef = BEC79A721ED624AF00DD6227 /* TransfersViewController.swift */; };
		BEC79A751ED625B800DD6227 /* TransfersView.swift in Sources */ = {isa = PBXBuildFile; fileRef = BEC79A741ED625B800DD6227 /* TransfersView.swift */; };
		BEC79A771ED625D400DD6227 /* TransfersView.xib in Resources */ = {isa = PBXBuildFile; fileRef = BEC79A761ED625D400DD6227 /* TransfersView.xib */; };
		BEC79A7F1ED7AD9100DD6227 /* PeekingBenView.swift in Sources */ = {isa = PBXBuildFile; fileRef = BEC79A7E1ED7AD9100DD6227 /* PeekingBenView.swift */; };
		BEC79A811ED7ADA200DD6227 /* PeekingBenView.xib in Resources */ = {isa = PBXBuildFile; fileRef = BEC79A801ED7ADA200DD6227 /* PeekingBenView.xib */; };
		BEC79A851ED8CD7800DD6227 /* EmptyTableStateView.swift in Sources */ = {isa = PBXBuildFile; fileRef = BEC79A841ED8CD7800DD6227 /* EmptyTableStateView.swift */; };
		BEC79A871ED8CD8B00DD6227 /* EmptyTableStateView.xib in Resources */ = {isa = PBXBuildFile; fileRef = BEC79A861ED8CD8B00DD6227 /* EmptyTableStateView.xib */; };
		BEC79A8B1EDB738D00DD6227 /* Sponsor.swift in Sources */ = {isa = PBXBuildFile; fileRef = BEC79A8A1EDB738D00DD6227 /* Sponsor.swift */; };
		BEC79A8D1EDDADC300DD6227 /* Date.swift in Sources */ = {isa = PBXBuildFile; fileRef = BEC79A8C1EDDADC300DD6227 /* Date.swift */; };
		BEC79A8F1EDDB7E300DD6227 /* SponsorsViewController.swift in Sources */ = {isa = PBXBuildFile; fileRef = BEC79A8E1EDDB7E300DD6227 /* SponsorsViewController.swift */; };
		BEC79A921EDDC65C00DD6227 /* SponsorCell.swift in Sources */ = {isa = PBXBuildFile; fileRef = BEC79A901EDDC65C00DD6227 /* SponsorCell.swift */; };
		BEC79A931EDDC65C00DD6227 /* SponsorCell.xib in Resources */ = {isa = PBXBuildFile; fileRef = BEC79A911EDDC65C00DD6227 /* SponsorCell.xib */; };
		BEC79A951EDE123700DD6227 /* AddSponsorViewController.swift in Sources */ = {isa = PBXBuildFile; fileRef = BEC79A941EDE123600DD6227 /* AddSponsorViewController.swift */; };
		BEC79A971EDE1DCB00DD6227 /* AddSponsorDetailViewController.swift in Sources */ = {isa = PBXBuildFile; fileRef = BEC79A961EDE1DCB00DD6227 /* AddSponsorDetailViewController.swift */; };
		BEC79A9A1EDE26B100DD6227 /* ContactCell.swift in Sources */ = {isa = PBXBuildFile; fileRef = BEC79A981EDE26B100DD6227 /* ContactCell.swift */; };
		BEC79A9B1EDE26B100DD6227 /* ContactCell.xib in Resources */ = {isa = PBXBuildFile; fileRef = BEC79A991EDE26B100DD6227 /* ContactCell.xib */; };
		BEEF57C21EB3CDCB001EE950 /* FaqViewController.swift in Sources */ = {isa = PBXBuildFile; fileRef = BE8D3E1A1EB186F400BE92C9 /* FaqViewController.swift */; };
		BEEF57C31EB3CDCB001EE950 /* AccountsViewController.swift in Sources */ = {isa = PBXBuildFile; fileRef = BE8D3E181EB1868200BE92C9 /* AccountsViewController.swift */; };
		BEEF57C51EB3D3E8001EE950 /* DashboardView.swift in Sources */ = {isa = PBXBuildFile; fileRef = BEEF57C41EB3D3E8001EE950 /* DashboardView.swift */; };
		BEEF57C71EB3D3F7001EE950 /* DashboardView.xib in Resources */ = {isa = PBXBuildFile; fileRef = BEEF57C61EB3D3F7001EE950 /* DashboardView.xib */; };
		BEEF57CD1EB3E249001EE950 /* SavingsView.swift in Sources */ = {isa = PBXBuildFile; fileRef = BEEF57CC1EB3E249001EE950 /* SavingsView.swift */; };
		BEEF57CF1EB3E252001EE950 /* SavingsView.xib in Resources */ = {isa = PBXBuildFile; fileRef = BEEF57CE1EB3E252001EE950 /* SavingsView.xib */; };
		BEEF57D11EB3FAE6001EE950 /* DebtView.swift in Sources */ = {isa = PBXBuildFile; fileRef = BEEF57D01EB3FAE6001EE950 /* DebtView.swift */; };
		BEEF57D31EB3FAF3001EE950 /* DebtView.xib in Resources */ = {isa = PBXBuildFile; fileRef = BEEF57D21EB3FAF3001EE950 /* DebtView.xib */; };
		BEEF57D51EB3FB1C001EE950 /* AssetView.swift in Sources */ = {isa = PBXBuildFile; fileRef = BEEF57D41EB3FB1C001EE950 /* AssetView.swift */; };
		BEEF57D71EB3FB27001EE950 /* AssetView.xib in Resources */ = {isa = PBXBuildFile; fileRef = BEEF57D61EB3FB27001EE950 /* AssetView.xib */; };
		BEEF57D91EB52DC1001EE950 /* DebtMilestoneView.swift in Sources */ = {isa = PBXBuildFile; fileRef = BEEF57D81EB52DC1001EE950 /* DebtMilestoneView.swift */; };
		BEEF57DB1EB52DCE001EE950 /* DebtMilestoneView.xib in Resources */ = {isa = PBXBuildFile; fileRef = BEEF57DA1EB52DCE001EE950 /* DebtMilestoneView.xib */; };
		BEEF57E61EB54942001EE950 /* TransferCell.swift in Sources */ = {isa = PBXBuildFile; fileRef = BEEF57E41EB54942001EE950 /* TransferCell.swift */; };
		BEEF57E71EB54942001EE950 /* TransferCell.xib in Resources */ = {isa = PBXBuildFile; fileRef = BEEF57E51EB54942001EE950 /* TransferCell.xib */; };
		BEEF57E91EB54DF2001EE950 /* TransactionsView.swift in Sources */ = {isa = PBXBuildFile; fileRef = BEEF57E81EB54DF2001EE950 /* TransactionsView.swift */; };
		BEEF57EB1EB54E0A001EE950 /* TransactionsView.xib in Resources */ = {isa = PBXBuildFile; fileRef = BEEF57EA1EB54E0A001EE950 /* TransactionsView.xib */; };
		BEEF57EE1EB5501A001EE950 /* TransactionCell.swift in Sources */ = {isa = PBXBuildFile; fileRef = BEEF57EC1EB55019001EE950 /* TransactionCell.swift */; };
		BEEF57EF1EB5501A001EE950 /* TransactionCell.xib in Resources */ = {isa = PBXBuildFile; fileRef = BEEF57ED1EB55019001EE950 /* TransactionCell.xib */; };
		BEEF57F11EB5ADBC001EE950 /* TransactionsDetailViewController.swift in Sources */ = {isa = PBXBuildFile; fileRef = BEEF57F01EB5ADBC001EE950 /* TransactionsDetailViewController.swift */; };
		BEEF57F31EB64303001EE950 /* AccountsView.swift in Sources */ = {isa = PBXBuildFile; fileRef = BEEF57F21EB64303001EE950 /* AccountsView.swift */; };
		BEEF57F51EB64324001EE950 /* AccountsView.xib in Resources */ = {isa = PBXBuildFile; fileRef = BEEF57F41EB64324001EE950 /* AccountsView.xib */; };
		BEEF57FB1EB648AB001EE950 /* AccountDetailViewController.swift in Sources */ = {isa = PBXBuildFile; fileRef = BEEF57FA1EB648AB001EE950 /* AccountDetailViewController.swift */; };
		BEEF57FD1EB6496F001EE950 /* AccountDetailView.swift in Sources */ = {isa = PBXBuildFile; fileRef = BEEF57FC1EB6496F001EE950 /* AccountDetailView.swift */; };
		BEEF57FF1EB6497F001EE950 /* AccountDetailView.xib in Resources */ = {isa = PBXBuildFile; fileRef = BEEF57FE1EB6497F001EE950 /* AccountDetailView.xib */; };
		BEEF58021EB64C68001EE950 /* InstitutionCell.swift in Sources */ = {isa = PBXBuildFile; fileRef = BEEF58001EB64C68001EE950 /* InstitutionCell.swift */; };
		BEEF58031EB64C68001EE950 /* InstitutionCell.xib in Resources */ = {isa = PBXBuildFile; fileRef = BEEF58011EB64C68001EE950 /* InstitutionCell.xib */; };
		BEEF58061EB65C83001EE950 /* AccountCell.swift in Sources */ = {isa = PBXBuildFile; fileRef = BEEF58041EB65C83001EE950 /* AccountCell.swift */; };
		BEEF58071EB65C83001EE950 /* AccountCell.xib in Resources */ = {isa = PBXBuildFile; fileRef = BEEF58051EB65C83001EE950 /* AccountCell.xib */; };
		BEEF580D1EB69031001EE950 /* JoltViewController.swift in Sources */ = {isa = PBXBuildFile; fileRef = BEEF580C1EB69031001EE950 /* JoltViewController.swift */; };
		BEEF580F1EB6910B001EE950 /* JoltView.swift in Sources */ = {isa = PBXBuildFile; fileRef = BEEF580E1EB6910B001EE950 /* JoltView.swift */; };
		BEEF58111EB69116001EE950 /* JoltView.xib in Resources */ = {isa = PBXBuildFile; fileRef = BEEF58101EB69116001EE950 /* JoltView.xib */; };
		BF0807541ED8EAE3000C4F44 /* TransitionSubmitButton.swift in Sources */ = {isa = PBXBuildFile; fileRef = BF08074F1ED8EAE3000C4F44 /* TransitionSubmitButton.swift */; };
		BF0807551ED8EAE3000C4F44 /* SpinerLayer.swift in Sources */ = {isa = PBXBuildFile; fileRef = BF0807501ED8EAE3000C4F44 /* SpinerLayer.swift */; };
		BF0807561ED8EAE3000C4F44 /* FadeTransition.swift in Sources */ = {isa = PBXBuildFile; fileRef = BF0807511ED8EAE3000C4F44 /* FadeTransition.swift */; };
		BF0807571ED8EAE3000C4F44 /* CGRectEx.swift in Sources */ = {isa = PBXBuildFile; fileRef = BF0807521ED8EAE3000C4F44 /* CGRectEx.swift */; };
		BF0807581ED8EAE3000C4F44 /* TimerEx.swift in Sources */ = {isa = PBXBuildFile; fileRef = BF0807531ED8EAE3000C4F44 /* TimerEx.swift */; };
		BF134BCF1EB3A7DA0096DD5B /* User.swift in Sources */ = {isa = PBXBuildFile; fileRef = BF134BCE1EB3A7DA0096DD5B /* User.swift */; };
		BF134BD11EB3A7F00096DD5B /* UserFinMetrics.swift in Sources */ = {isa = PBXBuildFile; fileRef = BF134BD01EB3A7F00096DD5B /* UserFinMetrics.swift */; };
		BF134BD31EB3A7FF0096DD5B /* DebtMilestone.swift in Sources */ = {isa = PBXBuildFile; fileRef = BF134BD21EB3A7FF0096DD5B /* DebtMilestone.swift */; };
		BF134BD51EB3A8160096DD5B /* Transfer.swift in Sources */ = {isa = PBXBuildFile; fileRef = BF134BD41EB3A8160096DD5B /* Transfer.swift */; };
		BF134BD71EB3A8320096DD5B /* Institution.swift in Sources */ = {isa = PBXBuildFile; fileRef = BF134BD61EB3A8320096DD5B /* Institution.swift */; };
		BF134BD91EB3A83D0096DD5B /* Account.swift in Sources */ = {isa = PBXBuildFile; fileRef = BF134BD81EB3A83D0096DD5B /* Account.swift */; };
		BF134BDB1EB3A8550096DD5B /* Transaction.swift in Sources */ = {isa = PBXBuildFile; fileRef = BF134BDA1EB3A8550096DD5B /* Transaction.swift */; };
		BF134BDD1EB3A86C0096DD5B /* ComputationMetrics.swift in Sources */ = {isa = PBXBuildFile; fileRef = BF134BDC1EB3A86C0096DD5B /* ComputationMetrics.swift */; };
		BF1FDC1C1EDE9F7A0022C45C /* LogoView.xib in Resources */ = {isa = PBXBuildFile; fileRef = BF1FDC1B1EDE9F7A0022C45C /* LogoView.xib */; };
		BF1FDC1E1EDE9FB80022C45C /* LogoView.swift in Sources */ = {isa = PBXBuildFile; fileRef = BF1FDC1D1EDE9FB80022C45C /* LogoView.swift */; };
		BF1FDC201EE1390A0022C45C /* ContactsAPI.swift in Sources */ = {isa = PBXBuildFile; fileRef = BF1FDC1F1EE1390A0022C45C /* ContactsAPI.swift */; };
		BF38F9E01EBEE00C002AA6C0 /* MilestoneCompleteView.xib in Resources */ = {isa = PBXBuildFile; fileRef = BF38F9DF1EBEE00C002AA6C0 /* MilestoneCompleteView.xib */; };
		BF38F9E21EBEE01F002AA6C0 /* MilestoneFutureView.xib in Resources */ = {isa = PBXBuildFile; fileRef = BF38F9E11EBEE01F002AA6C0 /* MilestoneFutureView.xib */; };
		BF38F9E41EBEE03F002AA6C0 /* MilestoneCompleteView.swift in Sources */ = {isa = PBXBuildFile; fileRef = BF38F9E31EBEE03F002AA6C0 /* MilestoneCompleteView.swift */; };
		BF38F9E61EBEE050002AA6C0 /* MilestoneFutureView.swift in Sources */ = {isa = PBXBuildFile; fileRef = BF38F9E51EBEE050002AA6C0 /* MilestoneFutureView.swift */; };
		BF38F9E81EBF9F4D002AA6C0 /* SAConfettiView.swift in Sources */ = {isa = PBXBuildFile; fileRef = BF38F9E71EBF9F4D002AA6C0 /* SAConfettiView.swift */; };
		BF395B751EC98203004E5D64 /* AppMessage.swift in Sources */ = {isa = PBXBuildFile; fileRef = BF395B741EC98203004E5D64 /* AppMessage.swift */; };
		BF395B781EC98445004E5D64 /* SignoutCell.swift in Sources */ = {isa = PBXBuildFile; fileRef = BF395B761EC98445004E5D64 /* SignoutCell.swift */; };
		BF395B791EC98445004E5D64 /* SignoutCell.xib in Resources */ = {isa = PBXBuildFile; fileRef = BF395B771EC98445004E5D64 /* SignoutCell.xib */; };
		BF395B7B1ECA2C03004E5D64 /* AppFontName.swift in Sources */ = {isa = PBXBuildFile; fileRef = BF395B7A1ECA2C03004E5D64 /* AppFontName.swift */; };
		BF395B7D1ECA3048004E5D64 /* Gravatar.swift in Sources */ = {isa = PBXBuildFile; fileRef = BF395B7C1ECA3048004E5D64 /* Gravatar.swift */; };
		BF46ED611EDA3B390042B8EE /* Animations.swift in Sources */ = {isa = PBXBuildFile; fileRef = BF46ED5C1EDA3B390042B8EE /* Animations.swift */; };
		BF46ED621EDA3B390042B8EE /* RevealingSplashView.swift in Sources */ = {isa = PBXBuildFile; fileRef = BF46ED5E1EDA3B390042B8EE /* RevealingSplashView.swift */; };
		BF46ED631EDA3B390042B8EE /* SplashAnimatable.swift in Sources */ = {isa = PBXBuildFile; fileRef = BF46ED5F1EDA3B390042B8EE /* SplashAnimatable.swift */; };
		BF46ED641EDA3B390042B8EE /* SplashAnimationType.swift in Sources */ = {isa = PBXBuildFile; fileRef = BF46ED601EDA3B390042B8EE /* SplashAnimationType.swift */; };
		BF46ED691EDB8A320042B8EE /* Watermelon.json in Resources */ = {isa = PBXBuildFile; fileRef = BF46ED681EDB8A320042B8EE /* Watermelon.json */; };
		BF82C7A11EBC599700F43E27 /* DebtMilestoneDetailViewController.swift in Sources */ = {isa = PBXBuildFile; fileRef = BF82C7A01EBC599700F43E27 /* DebtMilestoneDetailViewController.swift */; };
		BF8F9C431EC18BC500279E5D /* AddAccountViewController.swift in Sources */ = {isa = PBXBuildFile; fileRef = BF8F9C421EC18BC500279E5D /* AddAccountViewController.swift */; };
		BF8F9C451EC1978300279E5D /* ReferralViewController.swift in Sources */ = {isa = PBXBuildFile; fileRef = BF8F9C441EC1978300279E5D /* ReferralViewController.swift */; };
		BF8F9C491EC3922E00279E5D /* CustomProgressBar.swift in Sources */ = {isa = PBXBuildFile; fileRef = BF8F9C481EC3922E00279E5D /* CustomProgressBar.swift */; };
		BF8F9C4B1EC4270600279E5D /* AppColor.swift in Sources */ = {isa = PBXBuildFile; fileRef = BF8F9C4A1EC4270600279E5D /* AppColor.swift */; };
		BF8F9C511EC43AA000279E5D /* SettingsCell.swift in Sources */ = {isa = PBXBuildFile; fileRef = BF8F9C501EC43AA000279E5D /* SettingsCell.swift */; };
		BF8F9C531EC43B3900279E5D /* SettingsCell.xib in Resources */ = {isa = PBXBuildFile; fileRef = BF8F9C521EC43B3900279E5D /* SettingsCell.xib */; };
		BF8F9C551EC4CC6800279E5D /* ProfileCell.xib in Resources */ = {isa = PBXBuildFile; fileRef = BF8F9C541EC4CC6800279E5D /* ProfileCell.xib */; };
		BF8F9C571EC4CC8000279E5D /* ProfileCell.swift in Sources */ = {isa = PBXBuildFile; fileRef = BF8F9C561EC4CC8000279E5D /* ProfileCell.swift */; };
		BFB423131ECBC6410035E398 /* JoltSuccessView.swift in Sources */ = {isa = PBXBuildFile; fileRef = BFB423121ECBC6410035E398 /* JoltSuccessView.swift */; };
		BFB423151ECBCB790035E398 /* JoltSuccessView.xib in Resources */ = {isa = PBXBuildFile; fileRef = BFB423141ECBCB790035E398 /* JoltSuccessView.xib */; };
		BFB423171ECBF6740035E398 /* Utils.swift in Sources */ = {isa = PBXBuildFile; fileRef = BFB423161ECBF6740035E398 /* Utils.swift */; };
		BFBD3AFE1EB6B57C00A7F767 /* TwoPenceAPI.swift in Sources */ = {isa = PBXBuildFile; fileRef = BF6CC9501EB3AE4B0029D734 /* TwoPenceAPI.swift */; };
		BFBD3B001EB7032100A7F767 /* TimelineView.swift in Sources */ = {isa = PBXBuildFile; fileRef = BFBD3AFF1EB7032100A7F767 /* TimelineView.swift */; };
		BFC2559B1EA5EA6A004FA1A8 /* AppDelegate.swift in Sources */ = {isa = PBXBuildFile; fileRef = BFC2559A1EA5EA6A004FA1A8 /* AppDelegate.swift */; };
		BFC255A01EA5EA6A004FA1A8 /* Main.storyboard in Resources */ = {isa = PBXBuildFile; fileRef = BFC2559E1EA5EA6A004FA1A8 /* Main.storyboard */; };
		BFC255A21EA5EA6A004FA1A8 /* Assets.xcassets in Resources */ = {isa = PBXBuildFile; fileRef = BFC255A11EA5EA6A004FA1A8 /* Assets.xcassets */; };
		BFC255A51EA5EA6A004FA1A8 /* LaunchScreen.storyboard in Resources */ = {isa = PBXBuildFile; fileRef = BFC255A31EA5EA6A004FA1A8 /* LaunchScreen.storyboard */; };
		BFC255B01EA5EA6B004FA1A8 /* TwoPenceTests.swift in Sources */ = {isa = PBXBuildFile; fileRef = BFC255AF1EA5EA6B004FA1A8 /* TwoPenceTests.swift */; };
		BFD8EC991EB684BC00A362F8 /* UserProfile.swift in Sources */ = {isa = PBXBuildFile; fileRef = BFD8EC981EB684BC00A362F8 /* UserProfile.swift */; };
		BFF34FFF1EDCA71D0042BD9D /* IntroViewController.swift in Sources */ = {isa = PBXBuildFile; fileRef = BFF34FFE1EDCA71D0042BD9D /* IntroViewController.swift */; };
/* End PBXBuildFile section */

/* Begin PBXContainerItemProxy section */
		BFC255AC1EA5EA6B004FA1A8 /* PBXContainerItemProxy */ = {
			isa = PBXContainerItemProxy;
			containerPortal = BFC2558F1EA5EA6A004FA1A8 /* Project object */;
			proxyType = 1;
			remoteGlobalIDString = BFC255961EA5EA6A004FA1A8;
			remoteInfo = TwoPence;
		};
/* End PBXContainerItemProxy section */

/* Begin PBXFileReference section */
		4066D5473361E9B03F5FC345 /* Pods-TwoPence.debug.xcconfig */ = {isa = PBXFileReference; includeInIndex = 1; lastKnownFileType = text.xcconfig; name = "Pods-TwoPence.debug.xcconfig"; path = "Pods/Target Support Files/Pods-TwoPence/Pods-TwoPence.debug.xcconfig"; sourceTree = "<group>"; };
		433E66D3F2D4DF9422F90668 /* Pods-TwoPenceTests.release.xcconfig */ = {isa = PBXFileReference; includeInIndex = 1; lastKnownFileType = text.xcconfig; name = "Pods-TwoPenceTests.release.xcconfig"; path = "Pods/Target Support Files/Pods-TwoPenceTests/Pods-TwoPenceTests.release.xcconfig"; sourceTree = "<group>"; };
		AFF19F0EAE0D429842E3D9E7 /* Pods-TwoPence.release.xcconfig */ = {isa = PBXFileReference; includeInIndex = 1; lastKnownFileType = text.xcconfig; name = "Pods-TwoPence.release.xcconfig"; path = "Pods/Target Support Files/Pods-TwoPence/Pods-TwoPence.release.xcconfig"; sourceTree = "<group>"; };
		B95380FACD16431EF605C997 /* Pods-TwoPenceTests.debug.xcconfig */ = {isa = PBXFileReference; includeInIndex = 1; lastKnownFileType = text.xcconfig; name = "Pods-TwoPenceTests.debug.xcconfig"; path = "Pods/Target Support Files/Pods-TwoPenceTests/Pods-TwoPenceTests.debug.xcconfig"; sourceTree = "<group>"; };
		BBA659A8259FF831A743AD73 /* Pods_TwoPenceTests.framework */ = {isa = PBXFileReference; explicitFileType = wrapper.framework; includeInIndex = 0; path = Pods_TwoPenceTests.framework; sourceTree = BUILT_PRODUCTS_DIR; };
		BE088F1E1EDF71DF00F1B8C2 /* TransferTypeCell.swift */ = {isa = PBXFileReference; fileEncoding = 4; lastKnownFileType = sourcecode.swift; path = TransferTypeCell.swift; sourceTree = "<group>"; };
		BE088F1F1EDF71DF00F1B8C2 /* TransferTypeCell.xib */ = {isa = PBXFileReference; fileEncoding = 4; lastKnownFileType = file.xib; path = TransferTypeCell.xib; sourceTree = "<group>"; };
		BE09ABCE1ECC085000EEE0C7 /* Int.swift */ = {isa = PBXFileReference; fileEncoding = 4; lastKnownFileType = sourcecode.swift; path = Int.swift; sourceTree = "<group>"; };
		BE09ABD01ECCE79800EEE0C7 /* ArcherPro-Bold.otf */ = {isa = PBXFileReference; lastKnownFileType = file; path = "ArcherPro-Bold.otf"; sourceTree = "<group>"; };
		BE09ABD21ED0E2B400EEE0C7 /* Double.swift */ = {isa = PBXFileReference; fileEncoding = 4; lastKnownFileType = sourcecode.swift; path = Double.swift; sourceTree = "<group>"; };
		BE1983531EBD08C60059F716 /* PendingTransferCell.swift */ = {isa = PBXFileReference; fileEncoding = 4; lastKnownFileType = sourcecode.swift; path = PendingTransferCell.swift; sourceTree = "<group>"; };
		BE1983541EBD08C60059F716 /* PendingTransferCell.xib */ = {isa = PBXFileReference; fileEncoding = 4; lastKnownFileType = file.xib; path = PendingTransferCell.xib; sourceTree = "<group>"; };
		BE1983571EBD0A230059F716 /* MatchedCell.swift */ = {isa = PBXFileReference; fileEncoding = 4; lastKnownFileType = sourcecode.swift; path = MatchedCell.swift; sourceTree = "<group>"; };
		BE1983581EBD0A230059F716 /* MatchedCell.xib */ = {isa = PBXFileReference; fileEncoding = 4; lastKnownFileType = file.xib; path = MatchedCell.xib; sourceTree = "<group>"; };
		BE19835B1EBD119E0059F716 /* SavingsRate.swift */ = {isa = PBXFileReference; fileEncoding = 4; lastKnownFileType = sourcecode.swift; path = SavingsRate.swift; sourceTree = "<group>"; };
		BE3F8D681EC3994900CA6F34 /* DebtHeaderView.swift */ = {isa = PBXFileReference; fileEncoding = 4; lastKnownFileType = sourcecode.swift; path = DebtHeaderView.swift; sourceTree = "<group>"; };
		BE3F8D6A1EC3995500CA6F34 /* DebtHeaderView.xib */ = {isa = PBXFileReference; fileEncoding = 4; lastKnownFileType = file.xib; path = DebtHeaderView.xib; sourceTree = "<group>"; };
		BE3F8D801EC5006400CA6F34 /* Lato-Regular.ttf */ = {isa = PBXFileReference; lastKnownFileType = file; path = "Lato-Regular.ttf"; sourceTree = "<group>"; };
		BE3F8D821EC8160A00CA6F34 /* Lato-Light.ttf */ = {isa = PBXFileReference; lastKnownFileType = file; path = "Lato-Light.ttf"; sourceTree = "<group>"; };
		BE3F8D841EC9784800CA6F34 /* JoltCell.swift */ = {isa = PBXFileReference; fileEncoding = 4; lastKnownFileType = sourcecode.swift; path = JoltCell.swift; sourceTree = "<group>"; };
		BE3F8D851EC9784800CA6F34 /* JoltCell.xib */ = {isa = PBXFileReference; fileEncoding = 4; lastKnownFileType = file.xib; path = JoltCell.xib; sourceTree = "<group>"; };
		BE61444D1EE0E03500E3F799 /* AppCopy.swift */ = {isa = PBXFileReference; fileEncoding = 4; lastKnownFileType = sourcecode.swift; path = AppCopy.swift; sourceTree = "<group>"; };
		BE8D3E101EB1858B00BE92C9 /* DashboardViewController.swift */ = {isa = PBXFileReference; fileEncoding = 4; lastKnownFileType = sourcecode.swift; path = DashboardViewController.swift; sourceTree = "<group>"; };
		BE8D3E121EB185BF00BE92C9 /* SettingsViewController.swift */ = {isa = PBXFileReference; fileEncoding = 4; lastKnownFileType = sourcecode.swift; path = SettingsViewController.swift; sourceTree = "<group>"; };
		BE8D3E141EB1862400BE92C9 /* DebtMilestoneViewController.swift */ = {isa = PBXFileReference; fileEncoding = 4; lastKnownFileType = sourcecode.swift; path = DebtMilestoneViewController.swift; sourceTree = "<group>"; };
		BE8D3E181EB1868200BE92C9 /* AccountsViewController.swift */ = {isa = PBXFileReference; fileEncoding = 4; lastKnownFileType = sourcecode.swift; path = AccountsViewController.swift; sourceTree = "<group>"; };
		BE8D3E1A1EB186F400BE92C9 /* FaqViewController.swift */ = {isa = PBXFileReference; fileEncoding = 4; lastKnownFileType = sourcecode.swift; path = FaqViewController.swift; sourceTree = "<group>"; };
		BEC79A721ED624AF00DD6227 /* TransfersViewController.swift */ = {isa = PBXFileReference; fileEncoding = 4; lastKnownFileType = sourcecode.swift; path = TransfersViewController.swift; sourceTree = "<group>"; };
		BEC79A741ED625B800DD6227 /* TransfersView.swift */ = {isa = PBXFileReference; fileEncoding = 4; lastKnownFileType = sourcecode.swift; path = TransfersView.swift; sourceTree = "<group>"; };
		BEC79A761ED625D400DD6227 /* TransfersView.xib */ = {isa = PBXFileReference; fileEncoding = 4; lastKnownFileType = file.xib; path = TransfersView.xib; sourceTree = "<group>"; };
		BEC79A7E1ED7AD9100DD6227 /* PeekingBenView.swift */ = {isa = PBXFileReference; fileEncoding = 4; lastKnownFileType = sourcecode.swift; path = PeekingBenView.swift; sourceTree = "<group>"; };
		BEC79A801ED7ADA200DD6227 /* PeekingBenView.xib */ = {isa = PBXFileReference; fileEncoding = 4; lastKnownFileType = file.xib; path = PeekingBenView.xib; sourceTree = "<group>"; };
		BEC79A841ED8CD7800DD6227 /* EmptyTableStateView.swift */ = {isa = PBXFileReference; fileEncoding = 4; lastKnownFileType = sourcecode.swift; path = EmptyTableStateView.swift; sourceTree = "<group>"; };
		BEC79A861ED8CD8B00DD6227 /* EmptyTableStateView.xib */ = {isa = PBXFileReference; fileEncoding = 4; lastKnownFileType = file.xib; path = EmptyTableStateView.xib; sourceTree = "<group>"; };
		BEC79A8A1EDB738D00DD6227 /* Sponsor.swift */ = {isa = PBXFileReference; fileEncoding = 4; lastKnownFileType = sourcecode.swift; path = Sponsor.swift; sourceTree = "<group>"; };
		BEC79A8C1EDDADC300DD6227 /* Date.swift */ = {isa = PBXFileReference; fileEncoding = 4; lastKnownFileType = sourcecode.swift; path = Date.swift; sourceTree = "<group>"; };
		BEC79A8E1EDDB7E300DD6227 /* SponsorsViewController.swift */ = {isa = PBXFileReference; fileEncoding = 4; lastKnownFileType = sourcecode.swift; path = SponsorsViewController.swift; sourceTree = "<group>"; };
		BEC79A901EDDC65C00DD6227 /* SponsorCell.swift */ = {isa = PBXFileReference; fileEncoding = 4; lastKnownFileType = sourcecode.swift; path = SponsorCell.swift; sourceTree = "<group>"; };
		BEC79A911EDDC65C00DD6227 /* SponsorCell.xib */ = {isa = PBXFileReference; fileEncoding = 4; lastKnownFileType = file.xib; path = SponsorCell.xib; sourceTree = "<group>"; };
		BEC79A941EDE123600DD6227 /* AddSponsorViewController.swift */ = {isa = PBXFileReference; fileEncoding = 4; lastKnownFileType = sourcecode.swift; path = AddSponsorViewController.swift; sourceTree = "<group>"; };
		BEC79A961EDE1DCB00DD6227 /* AddSponsorDetailViewController.swift */ = {isa = PBXFileReference; fileEncoding = 4; lastKnownFileType = sourcecode.swift; path = AddSponsorDetailViewController.swift; sourceTree = "<group>"; };
		BEC79A981EDE26B100DD6227 /* ContactCell.swift */ = {isa = PBXFileReference; fileEncoding = 4; lastKnownFileType = sourcecode.swift; path = ContactCell.swift; sourceTree = "<group>"; };
		BEC79A991EDE26B100DD6227 /* ContactCell.xib */ = {isa = PBXFileReference; fileEncoding = 4; lastKnownFileType = file.xib; path = ContactCell.xib; sourceTree = "<group>"; };
		BEEF57C41EB3D3E8001EE950 /* DashboardView.swift */ = {isa = PBXFileReference; fileEncoding = 4; lastKnownFileType = sourcecode.swift; path = DashboardView.swift; sourceTree = "<group>"; };
		BEEF57C61EB3D3F7001EE950 /* DashboardView.xib */ = {isa = PBXFileReference; fileEncoding = 4; lastKnownFileType = file.xib; path = DashboardView.xib; sourceTree = "<group>"; };
		BEEF57CC1EB3E249001EE950 /* SavingsView.swift */ = {isa = PBXFileReference; fileEncoding = 4; lastKnownFileType = sourcecode.swift; path = SavingsView.swift; sourceTree = "<group>"; };
		BEEF57CE1EB3E252001EE950 /* SavingsView.xib */ = {isa = PBXFileReference; fileEncoding = 4; lastKnownFileType = file.xib; path = SavingsView.xib; sourceTree = "<group>"; };
		BEEF57D01EB3FAE6001EE950 /* DebtView.swift */ = {isa = PBXFileReference; fileEncoding = 4; lastKnownFileType = sourcecode.swift; path = DebtView.swift; sourceTree = "<group>"; };
		BEEF57D21EB3FAF3001EE950 /* DebtView.xib */ = {isa = PBXFileReference; fileEncoding = 4; lastKnownFileType = file.xib; path = DebtView.xib; sourceTree = "<group>"; };
		BEEF57D41EB3FB1C001EE950 /* AssetView.swift */ = {isa = PBXFileReference; fileEncoding = 4; lastKnownFileType = sourcecode.swift; path = AssetView.swift; sourceTree = "<group>"; };
		BEEF57D61EB3FB27001EE950 /* AssetView.xib */ = {isa = PBXFileReference; fileEncoding = 4; lastKnownFileType = file.xib; path = AssetView.xib; sourceTree = "<group>"; };
		BEEF57D81EB52DC1001EE950 /* DebtMilestoneView.swift */ = {isa = PBXFileReference; fileEncoding = 4; lastKnownFileType = sourcecode.swift; path = DebtMilestoneView.swift; sourceTree = "<group>"; };
		BEEF57DA1EB52DCE001EE950 /* DebtMilestoneView.xib */ = {isa = PBXFileReference; fileEncoding = 4; lastKnownFileType = file.xib; path = DebtMilestoneView.xib; sourceTree = "<group>"; };
		BEEF57E41EB54942001EE950 /* TransferCell.swift */ = {isa = PBXFileReference; fileEncoding = 4; lastKnownFileType = sourcecode.swift; path = TransferCell.swift; sourceTree = "<group>"; };
		BEEF57E51EB54942001EE950 /* TransferCell.xib */ = {isa = PBXFileReference; fileEncoding = 4; lastKnownFileType = file.xib; path = TransferCell.xib; sourceTree = "<group>"; };
		BEEF57E81EB54DF2001EE950 /* TransactionsView.swift */ = {isa = PBXFileReference; fileEncoding = 4; lastKnownFileType = sourcecode.swift; path = TransactionsView.swift; sourceTree = "<group>"; };
		BEEF57EA1EB54E0A001EE950 /* TransactionsView.xib */ = {isa = PBXFileReference; fileEncoding = 4; lastKnownFileType = file.xib; path = TransactionsView.xib; sourceTree = "<group>"; };
		BEEF57EC1EB55019001EE950 /* TransactionCell.swift */ = {isa = PBXFileReference; fileEncoding = 4; lastKnownFileType = sourcecode.swift; path = TransactionCell.swift; sourceTree = "<group>"; };
		BEEF57ED1EB55019001EE950 /* TransactionCell.xib */ = {isa = PBXFileReference; fileEncoding = 4; lastKnownFileType = file.xib; path = TransactionCell.xib; sourceTree = "<group>"; };
		BEEF57F01EB5ADBC001EE950 /* TransactionsDetailViewController.swift */ = {isa = PBXFileReference; fileEncoding = 4; lastKnownFileType = sourcecode.swift; path = TransactionsDetailViewController.swift; sourceTree = "<group>"; };
		BEEF57F21EB64303001EE950 /* AccountsView.swift */ = {isa = PBXFileReference; fileEncoding = 4; lastKnownFileType = sourcecode.swift; path = AccountsView.swift; sourceTree = "<group>"; };
		BEEF57F41EB64324001EE950 /* AccountsView.xib */ = {isa = PBXFileReference; fileEncoding = 4; lastKnownFileType = file.xib; path = AccountsView.xib; sourceTree = "<group>"; };
		BEEF57FA1EB648AB001EE950 /* AccountDetailViewController.swift */ = {isa = PBXFileReference; fileEncoding = 4; lastKnownFileType = sourcecode.swift; path = AccountDetailViewController.swift; sourceTree = "<group>"; };
		BEEF57FC1EB6496F001EE950 /* AccountDetailView.swift */ = {isa = PBXFileReference; fileEncoding = 4; lastKnownFileType = sourcecode.swift; path = AccountDetailView.swift; sourceTree = "<group>"; };
		BEEF57FE1EB6497F001EE950 /* AccountDetailView.xib */ = {isa = PBXFileReference; fileEncoding = 4; lastKnownFileType = file.xib; path = AccountDetailView.xib; sourceTree = "<group>"; };
		BEEF58001EB64C68001EE950 /* InstitutionCell.swift */ = {isa = PBXFileReference; fileEncoding = 4; lastKnownFileType = sourcecode.swift; path = InstitutionCell.swift; sourceTree = "<group>"; };
		BEEF58011EB64C68001EE950 /* InstitutionCell.xib */ = {isa = PBXFileReference; fileEncoding = 4; lastKnownFileType = file.xib; path = InstitutionCell.xib; sourceTree = "<group>"; };
		BEEF58041EB65C83001EE950 /* AccountCell.swift */ = {isa = PBXFileReference; fileEncoding = 4; lastKnownFileType = sourcecode.swift; path = AccountCell.swift; sourceTree = "<group>"; };
		BEEF58051EB65C83001EE950 /* AccountCell.xib */ = {isa = PBXFileReference; fileEncoding = 4; lastKnownFileType = file.xib; path = AccountCell.xib; sourceTree = "<group>"; };
		BEEF580C1EB69031001EE950 /* JoltViewController.swift */ = {isa = PBXFileReference; fileEncoding = 4; lastKnownFileType = sourcecode.swift; path = JoltViewController.swift; sourceTree = "<group>"; };
		BEEF580E1EB6910B001EE950 /* JoltView.swift */ = {isa = PBXFileReference; fileEncoding = 4; lastKnownFileType = sourcecode.swift; path = JoltView.swift; sourceTree = "<group>"; };
		BEEF58101EB69116001EE950 /* JoltView.xib */ = {isa = PBXFileReference; fileEncoding = 4; lastKnownFileType = file.xib; path = JoltView.xib; sourceTree = "<group>"; };
		BF08074F1ED8EAE3000C4F44 /* TransitionSubmitButton.swift */ = {isa = PBXFileReference; fileEncoding = 4; lastKnownFileType = sourcecode.swift; path = TransitionSubmitButton.swift; sourceTree = "<group>"; };
		BF0807501ED8EAE3000C4F44 /* SpinerLayer.swift */ = {isa = PBXFileReference; fileEncoding = 4; lastKnownFileType = sourcecode.swift; path = SpinerLayer.swift; sourceTree = "<group>"; };
		BF0807511ED8EAE3000C4F44 /* FadeTransition.swift */ = {isa = PBXFileReference; fileEncoding = 4; lastKnownFileType = sourcecode.swift; path = FadeTransition.swift; sourceTree = "<group>"; };
		BF0807521ED8EAE3000C4F44 /* CGRectEx.swift */ = {isa = PBXFileReference; fileEncoding = 4; lastKnownFileType = sourcecode.swift; path = CGRectEx.swift; sourceTree = "<group>"; };
		BF0807531ED8EAE3000C4F44 /* TimerEx.swift */ = {isa = PBXFileReference; fileEncoding = 4; lastKnownFileType = sourcecode.swift; path = TimerEx.swift; sourceTree = "<group>"; };
		BF134BCE1EB3A7DA0096DD5B /* User.swift */ = {isa = PBXFileReference; fileEncoding = 4; lastKnownFileType = sourcecode.swift; path = User.swift; sourceTree = "<group>"; };
		BF134BD01EB3A7F00096DD5B /* UserFinMetrics.swift */ = {isa = PBXFileReference; fileEncoding = 4; lastKnownFileType = sourcecode.swift; path = UserFinMetrics.swift; sourceTree = "<group>"; };
		BF134BD21EB3A7FF0096DD5B /* DebtMilestone.swift */ = {isa = PBXFileReference; fileEncoding = 4; lastKnownFileType = sourcecode.swift; path = DebtMilestone.swift; sourceTree = "<group>"; };
		BF134BD41EB3A8160096DD5B /* Transfer.swift */ = {isa = PBXFileReference; fileEncoding = 4; lastKnownFileType = sourcecode.swift; path = Transfer.swift; sourceTree = "<group>"; };
		BF134BD61EB3A8320096DD5B /* Institution.swift */ = {isa = PBXFileReference; fileEncoding = 4; lastKnownFileType = sourcecode.swift; path = Institution.swift; sourceTree = "<group>"; };
		BF134BD81EB3A83D0096DD5B /* Account.swift */ = {isa = PBXFileReference; fileEncoding = 4; lastKnownFileType = sourcecode.swift; path = Account.swift; sourceTree = "<group>"; };
		BF134BDA1EB3A8550096DD5B /* Transaction.swift */ = {isa = PBXFileReference; fileEncoding = 4; lastKnownFileType = sourcecode.swift; path = Transaction.swift; sourceTree = "<group>"; };
		BF134BDC1EB3A86C0096DD5B /* ComputationMetrics.swift */ = {isa = PBXFileReference; fileEncoding = 4; lastKnownFileType = sourcecode.swift; path = ComputationMetrics.swift; sourceTree = "<group>"; };
		BF1FDC1B1EDE9F7A0022C45C /* LogoView.xib */ = {isa = PBXFileReference; fileEncoding = 4; lastKnownFileType = file.xib; path = LogoView.xib; sourceTree = "<group>"; };
		BF1FDC1D1EDE9FB80022C45C /* LogoView.swift */ = {isa = PBXFileReference; fileEncoding = 4; lastKnownFileType = sourcecode.swift; path = LogoView.swift; sourceTree = "<group>"; };
		BF1FDC1F1EE1390A0022C45C /* ContactsAPI.swift */ = {isa = PBXFileReference; fileEncoding = 4; lastKnownFileType = sourcecode.swift; path = ContactsAPI.swift; sourceTree = "<group>"; };
		BF38F9DF1EBEE00C002AA6C0 /* MilestoneCompleteView.xib */ = {isa = PBXFileReference; fileEncoding = 4; lastKnownFileType = file.xib; path = MilestoneCompleteView.xib; sourceTree = "<group>"; };
		BF38F9E11EBEE01F002AA6C0 /* MilestoneFutureView.xib */ = {isa = PBXFileReference; fileEncoding = 4; lastKnownFileType = file.xib; path = MilestoneFutureView.xib; sourceTree = "<group>"; };
		BF38F9E31EBEE03F002AA6C0 /* MilestoneCompleteView.swift */ = {isa = PBXFileReference; fileEncoding = 4; lastKnownFileType = sourcecode.swift; path = MilestoneCompleteView.swift; sourceTree = "<group>"; };
		BF38F9E51EBEE050002AA6C0 /* MilestoneFutureView.swift */ = {isa = PBXFileReference; fileEncoding = 4; lastKnownFileType = sourcecode.swift; path = MilestoneFutureView.swift; sourceTree = "<group>"; };
		BF38F9E71EBF9F4D002AA6C0 /* SAConfettiView.swift */ = {isa = PBXFileReference; fileEncoding = 4; lastKnownFileType = sourcecode.swift; path = SAConfettiView.swift; sourceTree = "<group>"; };
		BF395B741EC98203004E5D64 /* AppMessage.swift */ = {isa = PBXFileReference; fileEncoding = 4; lastKnownFileType = sourcecode.swift; path = AppMessage.swift; sourceTree = "<group>"; };
		BF395B761EC98445004E5D64 /* SignoutCell.swift */ = {isa = PBXFileReference; fileEncoding = 4; lastKnownFileType = sourcecode.swift; path = SignoutCell.swift; sourceTree = "<group>"; };
		BF395B771EC98445004E5D64 /* SignoutCell.xib */ = {isa = PBXFileReference; fileEncoding = 4; lastKnownFileType = file.xib; path = SignoutCell.xib; sourceTree = "<group>"; };
		BF395B7A1ECA2C03004E5D64 /* AppFontName.swift */ = {isa = PBXFileReference; fileEncoding = 4; lastKnownFileType = sourcecode.swift; path = AppFontName.swift; sourceTree = "<group>"; };
		BF395B7C1ECA3048004E5D64 /* Gravatar.swift */ = {isa = PBXFileReference; fileEncoding = 4; lastKnownFileType = sourcecode.swift; path = Gravatar.swift; sourceTree = "<group>"; };
		BF395B7E1ECA394E004E5D64 /* TwoPence-Bridging-Header.h */ = {isa = PBXFileReference; lastKnownFileType = sourcecode.c.h; path = "TwoPence-Bridging-Header.h"; sourceTree = "<group>"; };
		BF46ED5C1EDA3B390042B8EE /* Animations.swift */ = {isa = PBXFileReference; fileEncoding = 4; lastKnownFileType = sourcecode.swift; path = Animations.swift; sourceTree = "<group>"; };
		BF46ED5E1EDA3B390042B8EE /* RevealingSplashView.swift */ = {isa = PBXFileReference; fileEncoding = 4; lastKnownFileType = sourcecode.swift; path = RevealingSplashView.swift; sourceTree = "<group>"; };
		BF46ED5F1EDA3B390042B8EE /* SplashAnimatable.swift */ = {isa = PBXFileReference; fileEncoding = 4; lastKnownFileType = sourcecode.swift; path = SplashAnimatable.swift; sourceTree = "<group>"; };
		BF46ED601EDA3B390042B8EE /* SplashAnimationType.swift */ = {isa = PBXFileReference; fileEncoding = 4; lastKnownFileType = sourcecode.swift; path = SplashAnimationType.swift; sourceTree = "<group>"; };
		BF46ED681EDB8A320042B8EE /* Watermelon.json */ = {isa = PBXFileReference; fileEncoding = 4; lastKnownFileType = text.json; path = Watermelon.json; sourceTree = "<group>"; };
		BF6CC9501EB3AE4B0029D734 /* TwoPenceAPI.swift */ = {isa = PBXFileReference; fileEncoding = 4; lastKnownFileType = sourcecode.swift; path = TwoPenceAPI.swift; sourceTree = "<group>"; };
		BF82C7A01EBC599700F43E27 /* DebtMilestoneDetailViewController.swift */ = {isa = PBXFileReference; fileEncoding = 4; lastKnownFileType = sourcecode.swift; path = DebtMilestoneDetailViewController.swift; sourceTree = "<group>"; };
		BF8F9C421EC18BC500279E5D /* AddAccountViewController.swift */ = {isa = PBXFileReference; fileEncoding = 4; lastKnownFileType = sourcecode.swift; path = AddAccountViewController.swift; sourceTree = "<group>"; };
		BF8F9C441EC1978300279E5D /* ReferralViewController.swift */ = {isa = PBXFileReference; fileEncoding = 4; lastKnownFileType = sourcecode.swift; path = ReferralViewController.swift; sourceTree = "<group>"; };
		BF8F9C481EC3922E00279E5D /* CustomProgressBar.swift */ = {isa = PBXFileReference; fileEncoding = 4; lastKnownFileType = sourcecode.swift; path = CustomProgressBar.swift; sourceTree = "<group>"; };
		BF8F9C4A1EC4270600279E5D /* AppColor.swift */ = {isa = PBXFileReference; fileEncoding = 4; lastKnownFileType = sourcecode.swift; path = AppColor.swift; sourceTree = "<group>"; };
		BF8F9C501EC43AA000279E5D /* SettingsCell.swift */ = {isa = PBXFileReference; fileEncoding = 4; lastKnownFileType = sourcecode.swift; path = SettingsCell.swift; sourceTree = "<group>"; };
		BF8F9C521EC43B3900279E5D /* SettingsCell.xib */ = {isa = PBXFileReference; fileEncoding = 4; lastKnownFileType = file.xib; path = SettingsCell.xib; sourceTree = "<group>"; };
		BF8F9C541EC4CC6800279E5D /* ProfileCell.xib */ = {isa = PBXFileReference; fileEncoding = 4; lastKnownFileType = file.xib; path = ProfileCell.xib; sourceTree = "<group>"; };
		BF8F9C561EC4CC8000279E5D /* ProfileCell.swift */ = {isa = PBXFileReference; fileEncoding = 4; lastKnownFileType = sourcecode.swift; path = ProfileCell.swift; sourceTree = "<group>"; };
		BFB423121ECBC6410035E398 /* JoltSuccessView.swift */ = {isa = PBXFileReference; fileEncoding = 4; lastKnownFileType = sourcecode.swift; path = JoltSuccessView.swift; sourceTree = "<group>"; };
		BFB423141ECBCB790035E398 /* JoltSuccessView.xib */ = {isa = PBXFileReference; fileEncoding = 4; lastKnownFileType = file.xib; path = JoltSuccessView.xib; sourceTree = "<group>"; };
		BFB423161ECBF6740035E398 /* Utils.swift */ = {isa = PBXFileReference; fileEncoding = 4; lastKnownFileType = sourcecode.swift; path = Utils.swift; sourceTree = "<group>"; };
		BFBD3AFF1EB7032100A7F767 /* TimelineView.swift */ = {isa = PBXFileReference; fileEncoding = 4; lastKnownFileType = sourcecode.swift; path = TimelineView.swift; sourceTree = "<group>"; };
		BFC255971EA5EA6A004FA1A8 /* TwoPence.app */ = {isa = PBXFileReference; explicitFileType = wrapper.application; includeInIndex = 0; path = TwoPence.app; sourceTree = BUILT_PRODUCTS_DIR; };
		BFC2559A1EA5EA6A004FA1A8 /* AppDelegate.swift */ = {isa = PBXFileReference; lastKnownFileType = sourcecode.swift; path = AppDelegate.swift; sourceTree = "<group>"; };
		BFC2559F1EA5EA6A004FA1A8 /* Base */ = {isa = PBXFileReference; lastKnownFileType = file.storyboard; name = Base; path = Base.lproj/Main.storyboard; sourceTree = "<group>"; };
		BFC255A11EA5EA6A004FA1A8 /* Assets.xcassets */ = {isa = PBXFileReference; lastKnownFileType = folder.assetcatalog; path = Assets.xcassets; sourceTree = "<group>"; };
		BFC255A41EA5EA6A004FA1A8 /* Base */ = {isa = PBXFileReference; lastKnownFileType = file.storyboard; name = Base; path = Base.lproj/LaunchScreen.storyboard; sourceTree = "<group>"; };
		BFC255A61EA5EA6A004FA1A8 /* Info.plist */ = {isa = PBXFileReference; lastKnownFileType = text.plist.xml; path = Info.plist; sourceTree = "<group>"; };
		BFC255AB1EA5EA6B004FA1A8 /* TwoPenceTests.xctest */ = {isa = PBXFileReference; explicitFileType = wrapper.cfbundle; includeInIndex = 0; path = TwoPenceTests.xctest; sourceTree = BUILT_PRODUCTS_DIR; };
		BFC255AF1EA5EA6B004FA1A8 /* TwoPenceTests.swift */ = {isa = PBXFileReference; lastKnownFileType = sourcecode.swift; path = TwoPenceTests.swift; sourceTree = "<group>"; };
		BFC255B11EA5EA6B004FA1A8 /* Info.plist */ = {isa = PBXFileReference; lastKnownFileType = text.plist.xml; path = Info.plist; sourceTree = "<group>"; };
		BFD8EC981EB684BC00A362F8 /* UserProfile.swift */ = {isa = PBXFileReference; fileEncoding = 4; lastKnownFileType = sourcecode.swift; path = UserProfile.swift; sourceTree = "<group>"; };
		BFF34FFE1EDCA71D0042BD9D /* IntroViewController.swift */ = {isa = PBXFileReference; fileEncoding = 4; lastKnownFileType = sourcecode.swift; path = IntroViewController.swift; sourceTree = "<group>"; };
		D396EF33C417C0F5EA4E633C /* Pods_TwoPence.framework */ = {isa = PBXFileReference; explicitFileType = wrapper.framework; includeInIndex = 0; path = Pods_TwoPence.framework; sourceTree = BUILT_PRODUCTS_DIR; };
/* End PBXFileReference section */

/* Begin PBXFrameworksBuildPhase section */
		BFC255941EA5EA6A004FA1A8 /* Frameworks */ = {
			isa = PBXFrameworksBuildPhase;
			buildActionMask = 2147483647;
			files = (
				433E021548F1500E56357705 /* Pods_TwoPence.framework in Frameworks */,
			);
			runOnlyForDeploymentPostprocessing = 0;
		};
		BFC255A81EA5EA6B004FA1A8 /* Frameworks */ = {
			isa = PBXFrameworksBuildPhase;
			buildActionMask = 2147483647;
			files = (
				11B828FE3F8065EA1143B368 /* Pods_TwoPenceTests.framework in Frameworks */,
			);
			runOnlyForDeploymentPostprocessing = 0;
		};
/* End PBXFrameworksBuildPhase section */

/* Begin PBXGroup section */
		3301D195DD7E3C0A7A5BE756 /* Frameworks */ = {
			isa = PBXGroup;
			children = (
				D396EF33C417C0F5EA4E633C /* Pods_TwoPence.framework */,
				BBA659A8259FF831A743AD73 /* Pods_TwoPenceTests.framework */,
			);
			name = Frameworks;
			sourceTree = "<group>";
		};
		6D37FBD4D7EFBED817268B67 /* Pods */ = {
			isa = PBXGroup;
			children = (
				4066D5473361E9B03F5FC345 /* Pods-TwoPence.debug.xcconfig */,
				AFF19F0EAE0D429842E3D9E7 /* Pods-TwoPence.release.xcconfig */,
				B95380FACD16431EF605C997 /* Pods-TwoPenceTests.debug.xcconfig */,
				433E66D3F2D4DF9422F90668 /* Pods-TwoPenceTests.release.xcconfig */,
			);
			name = Pods;
			sourceTree = "<group>";
		};
		BE3F8D7F1EC5005900CA6F34 /* Fonts */ = {
			isa = PBXGroup;
			children = (
				BE09ABD01ECCE79800EEE0C7 /* ArcherPro-Bold.otf */,
				BE3F8D801EC5006400CA6F34 /* Lato-Regular.ttf */,
				BE3F8D821EC8160A00CA6F34 /* Lato-Light.ttf */,
			);
			name = Fonts;
			sourceTree = "<group>";
		};
		BEA1B63E1EB1375300F41663 /* View Controllers */ = {
			isa = PBXGroup;
			children = (
				BE8D3E101EB1858B00BE92C9 /* DashboardViewController.swift */,
				BE8D3E121EB185BF00BE92C9 /* SettingsViewController.swift */,
				BE8D3E141EB1862400BE92C9 /* DebtMilestoneViewController.swift */,
				BF82C7A01EBC599700F43E27 /* DebtMilestoneDetailViewController.swift */,
				BEC79A721ED624AF00DD6227 /* TransfersViewController.swift */,
				BEEF57F01EB5ADBC001EE950 /* TransactionsDetailViewController.swift */,
				BE8D3E181EB1868200BE92C9 /* AccountsViewController.swift */,
				BEEF57FA1EB648AB001EE950 /* AccountDetailViewController.swift */,
				BF8F9C421EC18BC500279E5D /* AddAccountViewController.swift */,
				BE8D3E1A1EB186F400BE92C9 /* FaqViewController.swift */,
				BEEF580C1EB69031001EE950 /* JoltViewController.swift */,
				BF8F9C441EC1978300279E5D /* ReferralViewController.swift */,
				BEC79A8E1EDDB7E300DD6227 /* SponsorsViewController.swift */,
				BEC79A941EDE123600DD6227 /* AddSponsorViewController.swift */,
				BEC79A961EDE1DCB00DD6227 /* AddSponsorDetailViewController.swift */,
				BFF34FFE1EDCA71D0042BD9D /* IntroViewController.swift */,
			);
			name = "View Controllers";
			sourceTree = "<group>";
		};
		BEA1B63F1EB1375E00F41663 /* Views */ = {
			isa = PBXGroup;
			children = (
				BFBD3B061EBAA50800A7F767 /* Milestone Views */,
				BFBD3B031EBAA4C500A7F767 /* Jolt Views */,
				BEEF57C41EB3D3E8001EE950 /* DashboardView.swift */,
				BEEF57C61EB3D3F7001EE950 /* DashboardView.xib */,
				BEEF57E81EB54DF2001EE950 /* TransactionsView.swift */,
				BEEF57EA1EB54E0A001EE950 /* TransactionsView.xib */,
				BEC79A741ED625B800DD6227 /* TransfersView.swift */,
				BEC79A761ED625D400DD6227 /* TransfersView.xib */,
				BF8F9C411EC04B8D00279E5D /* Accounts View */,
				BEEF57E31EB53E69001EE950 /* Dashboard Views */,
				BEEF581E1EBBB4CE001EE950 /* Collection View Cells */,
				BEEF57E01EB53E0E001EE950 /* Table View Cells */,
				BEC79A7E1ED7AD9100DD6227 /* PeekingBenView.swift */,
				BEC79A801ED7ADA200DD6227 /* PeekingBenView.xib */,
				BEC79A841ED8CD7800DD6227 /* EmptyTableStateView.swift */,
				BEC79A861ED8CD8B00DD6227 /* EmptyTableStateView.xib */,
				BF1FDC1B1EDE9F7A0022C45C /* LogoView.xib */,
				BF1FDC1D1EDE9FB80022C45C /* LogoView.swift */,
			);
			name = Views;
			sourceTree = "<group>";
		};
		BEA1B6401EB1376300F41663 /* Models */ = {
			isa = PBXGroup;
			children = (
				BF134BCE1EB3A7DA0096DD5B /* User.swift */,
				BFD8EC981EB684BC00A362F8 /* UserProfile.swift */,
				BF134BD01EB3A7F00096DD5B /* UserFinMetrics.swift */,
				BF134BDC1EB3A86C0096DD5B /* ComputationMetrics.swift */,
				BF134BD21EB3A7FF0096DD5B /* DebtMilestone.swift */,
				BF134BD41EB3A8160096DD5B /* Transfer.swift */,
				BF134BDA1EB3A8550096DD5B /* Transaction.swift */,
				BF134BD61EB3A8320096DD5B /* Institution.swift */,
				BF134BD81EB3A83D0096DD5B /* Account.swift */,
				BE19835B1EBD119E0059F716 /* SavingsRate.swift */,
				BEC79A8A1EDB738D00DD6227 /* Sponsor.swift */,
			);
			name = Models;
			sourceTree = "<group>";
		};
		BEA1B6411EB1376700F41663 /* API */ = {
			isa = PBXGroup;
			children = (
				BF6CC9501EB3AE4B0029D734 /* TwoPenceAPI.swift */,
				BF395B7C1ECA3048004E5D64 /* Gravatar.swift */,
			);
			name = API;
			sourceTree = "<group>";
		};
		BEEF57E01EB53E0E001EE950 /* Table View Cells */ = {
			isa = PBXGroup;
			children = (
				BEEF57E41EB54942001EE950 /* TransferCell.swift */,
				BEEF57E51EB54942001EE950 /* TransferCell.xib */,
				BEEF57EC1EB55019001EE950 /* TransactionCell.swift */,
				BEEF57ED1EB55019001EE950 /* TransactionCell.xib */,
				BEEF58001EB64C68001EE950 /* InstitutionCell.swift */,
				BEEF58011EB64C68001EE950 /* InstitutionCell.xib */,
				BEEF58041EB65C83001EE950 /* AccountCell.swift */,
				BEEF58051EB65C83001EE950 /* AccountCell.xib */,
				BE1983531EBD08C60059F716 /* PendingTransferCell.swift */,
				BE1983541EBD08C60059F716 /* PendingTransferCell.xib */,
				BE1983571EBD0A230059F716 /* MatchedCell.swift */,
				BE1983581EBD0A230059F716 /* MatchedCell.xib */,
				BF8F9C501EC43AA000279E5D /* SettingsCell.swift */,
				BF8F9C521EC43B3900279E5D /* SettingsCell.xib */,
				BF395B761EC98445004E5D64 /* SignoutCell.swift */,
				BF395B771EC98445004E5D64 /* SignoutCell.xib */,
				BF8F9C561EC4CC8000279E5D /* ProfileCell.swift */,
				BF8F9C541EC4CC6800279E5D /* ProfileCell.xib */,
				BE3F8D841EC9784800CA6F34 /* JoltCell.swift */,
				BE3F8D851EC9784800CA6F34 /* JoltCell.xib */,
				BEC79A901EDDC65C00DD6227 /* SponsorCell.swift */,
				BEC79A911EDDC65C00DD6227 /* SponsorCell.xib */,
				BEC79A981EDE26B100DD6227 /* ContactCell.swift */,
				BEC79A991EDE26B100DD6227 /* ContactCell.xib */,
				BE088F1E1EDF71DF00F1B8C2 /* TransferTypeCell.swift */,
				BE088F1F1EDF71DF00F1B8C2 /* TransferTypeCell.xib */,
			);
			name = "Table View Cells";
			sourceTree = "<group>";
		};
		BEEF57E31EB53E69001EE950 /* Dashboard Views */ = {
			isa = PBXGroup;
			children = (
				BEEF57CC1EB3E249001EE950 /* SavingsView.swift */,
				BEEF57CE1EB3E252001EE950 /* SavingsView.xib */,
				BEEF57D01EB3FAE6001EE950 /* DebtView.swift */,
				BEEF57D21EB3FAF3001EE950 /* DebtView.xib */,
				BEEF57D41EB3FB1C001EE950 /* AssetView.swift */,
				BEEF57D61EB3FB27001EE950 /* AssetView.xib */,
				BE3F8D681EC3994900CA6F34 /* DebtHeaderView.swift */,
				BE3F8D6A1EC3995500CA6F34 /* DebtHeaderView.xib */,
			);
			name = "Dashboard Views";
			sourceTree = "<group>";
		};
		BEEF581E1EBBB4CE001EE950 /* Collection View Cells */ = {
			isa = PBXGroup;
			children = (
			);
			name = "Collection View Cells";
			sourceTree = "<group>";
		};
		BF08074E1ED8EAC2000C4F44 /* TKSubmitTransition */ = {
			isa = PBXGroup;
			children = (
				BF08074F1ED8EAE3000C4F44 /* TransitionSubmitButton.swift */,
				BF0807501ED8EAE3000C4F44 /* SpinerLayer.swift */,
				BF0807511ED8EAE3000C4F44 /* FadeTransition.swift */,
				BF0807521ED8EAE3000C4F44 /* CGRectEx.swift */,
				BF0807531ED8EAE3000C4F44 /* TimerEx.swift */,
			);
			name = TKSubmitTransition;
			sourceTree = "<group>";
		};
		BF46ED5B1EDA3B390042B8EE /* RevealingSplashView */ = {
			isa = PBXGroup;
			children = (
				BF46ED5C1EDA3B390042B8EE /* Animations.swift */,
				BF46ED5E1EDA3B390042B8EE /* RevealingSplashView.swift */,
				BF46ED5F1EDA3B390042B8EE /* SplashAnimatable.swift */,
				BF46ED601EDA3B390042B8EE /* SplashAnimationType.swift */,
			);
			path = RevealingSplashView;
			sourceTree = "<group>";
		};
		BF46ED671EDB8A020042B8EE /* Supporting files */ = {
			isa = PBXGroup;
			children = (
				BF46ED681EDB8A320042B8EE /* Watermelon.json */,
			);
			name = "Supporting files";
			sourceTree = "<group>";
		};
		BF8F9C411EC04B8D00279E5D /* Accounts View */ = {
			isa = PBXGroup;
			children = (
				BEEF57F21EB64303001EE950 /* AccountsView.swift */,
				BEEF57F41EB64324001EE950 /* AccountsView.xib */,
				BEEF57FC1EB6496F001EE950 /* AccountDetailView.swift */,
				BEEF57FE1EB6497F001EE950 /* AccountDetailView.xib */,
			);
			name = "Accounts View";
			sourceTree = "<group>";
		};
		BF8F9C4D1EC435FD00279E5D /* Common */ = {
			isa = PBXGroup;
			children = (
				BF46ED5B1EDA3B390042B8EE /* RevealingSplashView */,
				BF08074E1ED8EAC2000C4F44 /* TKSubmitTransition */,
				BF8F9C4A1EC4270600279E5D /* AppColor.swift */,
				BF395B7A1ECA2C03004E5D64 /* AppFontName.swift */,
				BF395B741EC98203004E5D64 /* AppMessage.swift */,
				BE61444D1EE0E03500E3F799 /* AppCopy.swift */,
				BF8F9C481EC3922E00279E5D /* CustomProgressBar.swift */,
				BF395B7E1ECA394E004E5D64 /* TwoPence-Bridging-Header.h */,
				BFB423161ECBF6740035E398 /* Utils.swift */,
				BEC79A8C1EDDADC300DD6227 /* Date.swift */,
				BE09ABCE1ECC085000EEE0C7 /* Int.swift */,
				BE09ABD21ED0E2B400EEE0C7 /* Double.swift */,
				BF1FDC1F1EE1390A0022C45C /* ContactsAPI.swift */,
			);
			name = Common;
			sourceTree = "<group>";
		};
		BFBD3B031EBAA4C500A7F767 /* Jolt Views */ = {
			isa = PBXGroup;
			children = (
				BEEF580E1EB6910B001EE950 /* JoltView.swift */,
				BEEF58101EB69116001EE950 /* JoltView.xib */,
				BFB423121ECBC6410035E398 /* JoltSuccessView.swift */,
				BFB423141ECBCB790035E398 /* JoltSuccessView.xib */,
			);
			name = "Jolt Views";
			sourceTree = "<group>";
		};
		BFBD3B061EBAA50800A7F767 /* Milestone Views */ = {
			isa = PBXGroup;
			children = (
				BEEF57D81EB52DC1001EE950 /* DebtMilestoneView.swift */,
				BEEF57DA1EB52DCE001EE950 /* DebtMilestoneView.xib */,
				BFBD3AFF1EB7032100A7F767 /* TimelineView.swift */,
				BF38F9E31EBEE03F002AA6C0 /* MilestoneCompleteView.swift */,
				BF38F9DF1EBEE00C002AA6C0 /* MilestoneCompleteView.xib */,
				BF38F9E51EBEE050002AA6C0 /* MilestoneFutureView.swift */,
				BF38F9E11EBEE01F002AA6C0 /* MilestoneFutureView.xib */,
				BF38F9E71EBF9F4D002AA6C0 /* SAConfettiView.swift */,
			);
			name = "Milestone Views";
			sourceTree = "<group>";
		};
		BFC2558E1EA5EA6A004FA1A8 = {
			isa = PBXGroup;
			children = (
				BFC255991EA5EA6A004FA1A8 /* TwoPence */,
				BFC255AE1EA5EA6B004FA1A8 /* TwoPenceTests */,
				BFC255981EA5EA6A004FA1A8 /* Products */,
				6D37FBD4D7EFBED817268B67 /* Pods */,
				3301D195DD7E3C0A7A5BE756 /* Frameworks */,
			);
			sourceTree = "<group>";
		};
		BFC255981EA5EA6A004FA1A8 /* Products */ = {
			isa = PBXGroup;
			children = (
				BFC255971EA5EA6A004FA1A8 /* TwoPence.app */,
				BFC255AB1EA5EA6B004FA1A8 /* TwoPenceTests.xctest */,
			);
			name = Products;
			sourceTree = "<group>";
		};
		BFC255991EA5EA6A004FA1A8 /* TwoPence */ = {
			isa = PBXGroup;
			children = (
				BE3F8D7F1EC5005900CA6F34 /* Fonts */,
				BEA1B6411EB1376700F41663 /* API */,
				BEA1B6401EB1376300F41663 /* Models */,
				BEA1B63F1EB1375E00F41663 /* Views */,
				BEA1B63E1EB1375300F41663 /* View Controllers */,
				BF8F9C4D1EC435FD00279E5D /* Common */,
				BF46ED671EDB8A020042B8EE /* Supporting files */,
				BFC2559E1EA5EA6A004FA1A8 /* Main.storyboard */,
				BFC2559A1EA5EA6A004FA1A8 /* AppDelegate.swift */,
				BFC255A11EA5EA6A004FA1A8 /* Assets.xcassets */,
				BFC255A31EA5EA6A004FA1A8 /* LaunchScreen.storyboard */,
				BFC255A61EA5EA6A004FA1A8 /* Info.plist */,
			);
			path = TwoPence;
			sourceTree = "<group>";
		};
		BFC255AE1EA5EA6B004FA1A8 /* TwoPenceTests */ = {
			isa = PBXGroup;
			children = (
				BFC255AF1EA5EA6B004FA1A8 /* TwoPenceTests.swift */,
				BFC255B11EA5EA6B004FA1A8 /* Info.plist */,
			);
			path = TwoPenceTests;
			sourceTree = "<group>";
		};
/* End PBXGroup section */

/* Begin PBXNativeTarget section */
		BFC255961EA5EA6A004FA1A8 /* TwoPence */ = {
			isa = PBXNativeTarget;
			buildConfigurationList = BFC255B41EA5EA6B004FA1A8 /* Build configuration list for PBXNativeTarget "TwoPence" */;
			buildPhases = (
				2C1E0DF42C2CC97164023C83 /* [CP] Check Pods Manifest.lock */,
				BFC255931EA5EA6A004FA1A8 /* Sources */,
				BFC255941EA5EA6A004FA1A8 /* Frameworks */,
				BFC255951EA5EA6A004FA1A8 /* Resources */,
				5D48941D6961324757597646 /* [CP] Embed Pods Frameworks */,
				4648AA7EF16E7B717DE7058C /* [CP] Copy Pods Resources */,
			);
			buildRules = (
			);
			dependencies = (
			);
			name = TwoPence;
			productName = TwoPence;
			productReference = BFC255971EA5EA6A004FA1A8 /* TwoPence.app */;
			productType = "com.apple.product-type.application";
		};
		BFC255AA1EA5EA6B004FA1A8 /* TwoPenceTests */ = {
			isa = PBXNativeTarget;
			buildConfigurationList = BFC255B71EA5EA6B004FA1A8 /* Build configuration list for PBXNativeTarget "TwoPenceTests" */;
			buildPhases = (
				28B3DD5A520C0A739020F2A9 /* [CP] Check Pods Manifest.lock */,
				BFC255A71EA5EA6B004FA1A8 /* Sources */,
				BFC255A81EA5EA6B004FA1A8 /* Frameworks */,
				BFC255A91EA5EA6B004FA1A8 /* Resources */,
				DC9E9FFA73CD0503A9606A1A /* [CP] Embed Pods Frameworks */,
				494D237E7A51C572371B7298 /* [CP] Copy Pods Resources */,
			);
			buildRules = (
			);
			dependencies = (
				BFC255AD1EA5EA6B004FA1A8 /* PBXTargetDependency */,
			);
			name = TwoPenceTests;
			productName = TwoPenceTests;
			productReference = BFC255AB1EA5EA6B004FA1A8 /* TwoPenceTests.xctest */;
			productType = "com.apple.product-type.bundle.unit-test";
		};
/* End PBXNativeTarget section */

/* Begin PBXProject section */
		BFC2558F1EA5EA6A004FA1A8 /* Project object */ = {
			isa = PBXProject;
			attributes = {
				LastSwiftUpdateCheck = 0830;
				LastUpgradeCheck = 0830;
				ORGANIZATIONNAME = "Samadhi Tech";
				TargetAttributes = {
					BFC255961EA5EA6A004FA1A8 = {
						CreatedOnToolsVersion = 8.3;
						DevelopmentTeam = QQ7F8UFQ5X;
						LastSwiftMigration = 0830;
						ProvisioningStyle = Automatic;
					};
					BFC255AA1EA5EA6B004FA1A8 = {
						CreatedOnToolsVersion = 8.3;
						DevelopmentTeam = R6RP45B3D5;
						ProvisioningStyle = Automatic;
						TestTargetID = BFC255961EA5EA6A004FA1A8;
					};
				};
			};
			buildConfigurationList = BFC255921EA5EA6A004FA1A8 /* Build configuration list for PBXProject "TwoPence" */;
			compatibilityVersion = "Xcode 3.2";
			developmentRegion = English;
			hasScannedForEncodings = 0;
			knownRegions = (
				en,
				Base,
			);
			mainGroup = BFC2558E1EA5EA6A004FA1A8;
			productRefGroup = BFC255981EA5EA6A004FA1A8 /* Products */;
			projectDirPath = "";
			projectRoot = "";
			targets = (
				BFC255961EA5EA6A004FA1A8 /* TwoPence */,
				BFC255AA1EA5EA6B004FA1A8 /* TwoPenceTests */,
			);
		};
/* End PBXProject section */

/* Begin PBXResourcesBuildPhase section */
		BFC255951EA5EA6A004FA1A8 /* Resources */ = {
			isa = PBXResourcesBuildPhase;
			buildActionMask = 2147483647;
			files = (
				BFC255A51EA5EA6A004FA1A8 /* LaunchScreen.storyboard in Resources */,
				BEC79A871ED8CD8B00DD6227 /* EmptyTableStateView.xib in Resources */,
				BE088F211EDF71DF00F1B8C2 /* TransferTypeCell.xib in Resources */,
				BEEF58031EB64C68001EE950 /* InstitutionCell.xib in Resources */,
				BEEF57FF1EB6497F001EE950 /* AccountDetailView.xib in Resources */,
				BEC79A931EDDC65C00DD6227 /* SponsorCell.xib in Resources */,
				BFB423151ECBCB790035E398 /* JoltSuccessView.xib in Resources */,
				BEEF57D31EB3FAF3001EE950 /* DebtView.xib in Resources */,
				BFC255A21EA5EA6A004FA1A8 /* Assets.xcassets in Resources */,
				BEEF58071EB65C83001EE950 /* AccountCell.xib in Resources */,
				BF38F9E21EBEE01F002AA6C0 /* MilestoneFutureView.xib in Resources */,
				BEEF57F51EB64324001EE950 /* AccountsView.xib in Resources */,
				BEC79A9B1EDE26B100DD6227 /* ContactCell.xib in Resources */,
				BF395B791EC98445004E5D64 /* SignoutCell.xib in Resources */,
				BE3F8D811EC5006400CA6F34 /* Lato-Regular.ttf in Resources */,
				BE3F8D871EC9784900CA6F34 /* JoltCell.xib in Resources */,
				BEEF57DB1EB52DCE001EE950 /* DebtMilestoneView.xib in Resources */,
				BE3F8D6B1EC3995500CA6F34 /* DebtHeaderView.xib in Resources */,
				BEEF57D71EB3FB27001EE950 /* AssetView.xib in Resources */,
				BEC79A771ED625D400DD6227 /* TransfersView.xib in Resources */,
				BEEF58111EB69116001EE950 /* JoltView.xib in Resources */,
				BF38F9E01EBEE00C002AA6C0 /* MilestoneCompleteView.xib in Resources */,
				BE3F8D831EC8160A00CA6F34 /* Lato-Light.ttf in Resources */,
				BEEF57EB1EB54E0A001EE950 /* TransactionsView.xib in Resources */,
				BF46ED691EDB8A320042B8EE /* Watermelon.json in Resources */,
				BF8F9C531EC43B3900279E5D /* SettingsCell.xib in Resources */,
				BEC79A811ED7ADA200DD6227 /* PeekingBenView.xib in Resources */,
				BE19835A1EBD0A230059F716 /* MatchedCell.xib in Resources */,
				BEEF57EF1EB5501A001EE950 /* TransactionCell.xib in Resources */,
				BEEF57C71EB3D3F7001EE950 /* DashboardView.xib in Resources */,
				BEEF57CF1EB3E252001EE950 /* SavingsView.xib in Resources */,
				BEEF57E71EB54942001EE950 /* TransferCell.xib in Resources */,
				BFC255A01EA5EA6A004FA1A8 /* Main.storyboard in Resources */,
				BF1FDC1C1EDE9F7A0022C45C /* LogoView.xib in Resources */,
				BE1983561EBD08C60059F716 /* PendingTransferCell.xib in Resources */,
				BF8F9C551EC4CC6800279E5D /* ProfileCell.xib in Resources */,
				BE09ABD11ECCE79800EEE0C7 /* ArcherPro-Bold.otf in Resources */,
			);
			runOnlyForDeploymentPostprocessing = 0;
		};
		BFC255A91EA5EA6B004FA1A8 /* Resources */ = {
			isa = PBXResourcesBuildPhase;
			buildActionMask = 2147483647;
			files = (
			);
			runOnlyForDeploymentPostprocessing = 0;
		};
/* End PBXResourcesBuildPhase section */

/* Begin PBXShellScriptBuildPhase section */
		28B3DD5A520C0A739020F2A9 /* [CP] Check Pods Manifest.lock */ = {
			isa = PBXShellScriptBuildPhase;
			buildActionMask = 2147483647;
			files = (
			);
			inputPaths = (
			);
			name = "[CP] Check Pods Manifest.lock";
			outputPaths = (
			);
			runOnlyForDeploymentPostprocessing = 0;
			shellPath = /bin/sh;
			shellScript = "diff \"${PODS_PODFILE_DIR_PATH}/Podfile.lock\" \"${PODS_ROOT}/Manifest.lock\" > /dev/null\nif [ $? != 0 ] ; then\n    # print error to STDERR\n    echo \"error: The sandbox is not in sync with the Podfile.lock. Run 'pod install' or update your CocoaPods installation.\" >&2\n    exit 1\nfi\n";
			showEnvVarsInLog = 0;
		};
		2C1E0DF42C2CC97164023C83 /* [CP] Check Pods Manifest.lock */ = {
			isa = PBXShellScriptBuildPhase;
			buildActionMask = 2147483647;
			files = (
			);
			inputPaths = (
			);
			name = "[CP] Check Pods Manifest.lock";
			outputPaths = (
			);
			runOnlyForDeploymentPostprocessing = 0;
			shellPath = /bin/sh;
			shellScript = "diff \"${PODS_PODFILE_DIR_PATH}/Podfile.lock\" \"${PODS_ROOT}/Manifest.lock\" > /dev/null\nif [ $? != 0 ] ; then\n    # print error to STDERR\n    echo \"error: The sandbox is not in sync with the Podfile.lock. Run 'pod install' or update your CocoaPods installation.\" >&2\n    exit 1\nfi\n";
			showEnvVarsInLog = 0;
		};
		4648AA7EF16E7B717DE7058C /* [CP] Copy Pods Resources */ = {
			isa = PBXShellScriptBuildPhase;
			buildActionMask = 2147483647;
			files = (
			);
			inputPaths = (
			);
			name = "[CP] Copy Pods Resources";
			outputPaths = (
			);
			runOnlyForDeploymentPostprocessing = 0;
			shellPath = /bin/sh;
			shellScript = "\"${SRCROOT}/Pods/Target Support Files/Pods-TwoPence/Pods-TwoPence-resources.sh\"\n";
			showEnvVarsInLog = 0;
		};
		494D237E7A51C572371B7298 /* [CP] Copy Pods Resources */ = {
			isa = PBXShellScriptBuildPhase;
			buildActionMask = 2147483647;
			files = (
			);
			inputPaths = (
			);
			name = "[CP] Copy Pods Resources";
			outputPaths = (
			);
			runOnlyForDeploymentPostprocessing = 0;
			shellPath = /bin/sh;
			shellScript = "\"${SRCROOT}/Pods/Target Support Files/Pods-TwoPenceTests/Pods-TwoPenceTests-resources.sh\"\n";
			showEnvVarsInLog = 0;
		};
		5D48941D6961324757597646 /* [CP] Embed Pods Frameworks */ = {
			isa = PBXShellScriptBuildPhase;
			buildActionMask = 2147483647;
			files = (
			);
			inputPaths = (
			);
			name = "[CP] Embed Pods Frameworks";
			outputPaths = (
			);
			runOnlyForDeploymentPostprocessing = 0;
			shellPath = /bin/sh;
			shellScript = "\"${SRCROOT}/Pods/Target Support Files/Pods-TwoPence/Pods-TwoPence-frameworks.sh\"\n";
			showEnvVarsInLog = 0;
		};
		DC9E9FFA73CD0503A9606A1A /* [CP] Embed Pods Frameworks */ = {
			isa = PBXShellScriptBuildPhase;
			buildActionMask = 2147483647;
			files = (
			);
			inputPaths = (
			);
			name = "[CP] Embed Pods Frameworks";
			outputPaths = (
			);
			runOnlyForDeploymentPostprocessing = 0;
			shellPath = /bin/sh;
			shellScript = "\"${SRCROOT}/Pods/Target Support Files/Pods-TwoPenceTests/Pods-TwoPenceTests-frameworks.sh\"\n";
			showEnvVarsInLog = 0;
		};
/* End PBXShellScriptBuildPhase section */

/* Begin PBXSourcesBuildPhase section */
		BFC255931EA5EA6A004FA1A8 /* Sources */ = {
			isa = PBXSourcesBuildPhase;
			buildActionMask = 2147483647;
			files = (
				BF134BCF1EB3A7DA0096DD5B /* User.swift in Sources */,
				BF0807561ED8EAE3000C4F44 /* FadeTransition.swift in Sources */,
				BF395B751EC98203004E5D64 /* AppMessage.swift in Sources */,
				BF134BDD1EB3A86C0096DD5B /* ComputationMetrics.swift in Sources */,
				BEC79A731ED624AF00DD6227 /* TransfersViewController.swift in Sources */,
				BEC79A7F1ED7AD9100DD6227 /* PeekingBenView.swift in Sources */,
				BEC79A971EDE1DCB00DD6227 /* AddSponsorDetailViewController.swift in Sources */,
				BF82C7A11EBC599700F43E27 /* DebtMilestoneDetailViewController.swift in Sources */,
				BF0807551ED8EAE3000C4F44 /* SpinerLayer.swift in Sources */,
				BF8F9C491EC3922E00279E5D /* CustomProgressBar.swift in Sources */,
				BEC79A951EDE123700DD6227 /* AddSponsorViewController.swift in Sources */,
				BEC79A9A1EDE26B100DD6227 /* ContactCell.swift in Sources */,
				BEEF57D91EB52DC1001EE950 /* DebtMilestoneView.swift in Sources */,
				BF134BD71EB3A8320096DD5B /* Institution.swift in Sources */,
				BF0807541ED8EAE3000C4F44 /* TransitionSubmitButton.swift in Sources */,
				BF8F9C571EC4CC8000279E5D /* ProfileCell.swift in Sources */,
				BEEF57E91EB54DF2001EE950 /* TransactionsView.swift in Sources */,
				BEC79A8B1EDB738D00DD6227 /* Sponsor.swift in Sources */,
				BE1983591EBD0A230059F716 /* MatchedCell.swift in Sources */,
				BF46ED631EDA3B390042B8EE /* SplashAnimatable.swift in Sources */,
				BF1FDC201EE1390A0022C45C /* ContactsAPI.swift in Sources */,
				BFD8EC991EB684BC00A362F8 /* UserProfile.swift in Sources */,
				BF8F9C4B1EC4270600279E5D /* AppColor.swift in Sources */,
				BEEF57D11EB3FAE6001EE950 /* DebtView.swift in Sources */,
				BE19835C1EBD119E0059F716 /* SavingsRate.swift in Sources */,
				BE088F201EDF71DF00F1B8C2 /* TransferTypeCell.swift in Sources */,
				BF38F9E41EBEE03F002AA6C0 /* MilestoneCompleteView.swift in Sources */,
				BF8F9C511EC43AA000279E5D /* SettingsCell.swift in Sources */,
				BF46ED621EDA3B390042B8EE /* RevealingSplashView.swift in Sources */,
				BEC79A8F1EDDB7E300DD6227 /* SponsorsViewController.swift in Sources */,
				BF46ED611EDA3B390042B8EE /* Animations.swift in Sources */,
				BFB423171ECBF6740035E398 /* Utils.swift in Sources */,
				BF134BD91EB3A83D0096DD5B /* Account.swift in Sources */,
				BEC79A851ED8CD7800DD6227 /* EmptyTableStateView.swift in Sources */,
				BF395B781EC98445004E5D64 /* SignoutCell.swift in Sources */,
				BE61444E1EE0E03500E3F799 /* AppCopy.swift in Sources */,
				BF1FDC1E1EDE9FB80022C45C /* LogoView.swift in Sources */,
				BE8D3E151EB1862400BE92C9 /* DebtMilestoneViewController.swift in Sources */,
				BEC79A8D1EDDADC300DD6227 /* Date.swift in Sources */,
				BF0807581ED8EAE3000C4F44 /* TimerEx.swift in Sources */,
				BEEF57F11EB5ADBC001EE950 /* TransactionsDetailViewController.swift in Sources */,
				BF134BD31EB3A7FF0096DD5B /* DebtMilestone.swift in Sources */,
				BEEF58021EB64C68001EE950 /* InstitutionCell.swift in Sources */,
				BEEF57CD1EB3E249001EE950 /* SavingsView.swift in Sources */,
				BEEF580D1EB69031001EE950 /* JoltViewController.swift in Sources */,
				BFC2559B1EA5EA6A004FA1A8 /* AppDelegate.swift in Sources */,
				BEC79A921EDDC65C00DD6227 /* SponsorCell.swift in Sources */,
				BF134BD51EB3A8160096DD5B /* Transfer.swift in Sources */,
				BE09ABD31ED0E2B400EEE0C7 /* Double.swift in Sources */,
				BF134BDB1EB3A8550096DD5B /* Transaction.swift in Sources */,
				BF8F9C451EC1978300279E5D /* ReferralViewController.swift in Sources */,
				BEEF58061EB65C83001EE950 /* AccountCell.swift in Sources */,
				BEEF57E61EB54942001EE950 /* TransferCell.swift in Sources */,
				BEEF57FB1EB648AB001EE950 /* AccountDetailViewController.swift in Sources */,
				BF395B7D1ECA3048004E5D64 /* Gravatar.swift in Sources */,
				BE8D3E131EB185BF00BE92C9 /* SettingsViewController.swift in Sources */,
				BF395B7B1ECA2C03004E5D64 /* AppFontName.swift in Sources */,
				BF8F9C431EC18BC500279E5D /* AddAccountViewController.swift in Sources */,
				BE1983551EBD08C60059F716 /* PendingTransferCell.swift in Sources */,
				BE3F8D691EC3994900CA6F34 /* DebtHeaderView.swift in Sources */,
				BF38F9E81EBF9F4D002AA6C0 /* SAConfettiView.swift in Sources */,
				BE09ABCF1ECC085000EEE0C7 /* Int.swift in Sources */,
				BEEF57C21EB3CDCB001EE950 /* FaqViewController.swift in Sources */,
				BEEF57C31EB3CDCB001EE950 /* AccountsViewController.swift in Sources */,
				BEEF580F1EB6910B001EE950 /* JoltView.swift in Sources */,
				BEEF57EE1EB5501A001EE950 /* TransactionCell.swift in Sources */,
				BFBD3AFE1EB6B57C00A7F767 /* TwoPenceAPI.swift in Sources */,
				BFB423131ECBC6410035E398 /* JoltSuccessView.swift in Sources */,
				BEC79A751ED625B800DD6227 /* TransfersView.swift in Sources */,
				BEEF57C51EB3D3E8001EE950 /* DashboardView.swift in Sources */,
				BEEF57F31EB64303001EE950 /* AccountsView.swift in Sources */,
				BEEF57D51EB3FB1C001EE950 /* AssetView.swift in Sources */,
				BEEF57FD1EB6496F001EE950 /* AccountDetailView.swift in Sources */,
				BE3F8D861EC9784900CA6F34 /* JoltCell.swift in Sources */,
				BFBD3B001EB7032100A7F767 /* TimelineView.swift in Sources */,
				BF134BD11EB3A7F00096DD5B /* UserFinMetrics.swift in Sources */,
				BFF34FFF1EDCA71D0042BD9D /* IntroViewController.swift in Sources */,
				BF38F9E61EBEE050002AA6C0 /* MilestoneFutureView.swift in Sources */,
				BF0807571ED8EAE3000C4F44 /* CGRectEx.swift in Sources */,
				BF46ED641EDA3B390042B8EE /* SplashAnimationType.swift in Sources */,
				BE8D3E111EB1858B00BE92C9 /* DashboardViewController.swift in Sources */,
			);
			runOnlyForDeploymentPostprocessing = 0;
		};
		BFC255A71EA5EA6B004FA1A8 /* Sources */ = {
			isa = PBXSourcesBuildPhase;
			buildActionMask = 2147483647;
			files = (
				BFC255B01EA5EA6B004FA1A8 /* TwoPenceTests.swift in Sources */,
			);
			runOnlyForDeploymentPostprocessing = 0;
		};
/* End PBXSourcesBuildPhase section */

/* Begin PBXTargetDependency section */
		BFC255AD1EA5EA6B004FA1A8 /* PBXTargetDependency */ = {
			isa = PBXTargetDependency;
			target = BFC255961EA5EA6A004FA1A8 /* TwoPence */;
			targetProxy = BFC255AC1EA5EA6B004FA1A8 /* PBXContainerItemProxy */;
		};
/* End PBXTargetDependency section */

/* Begin PBXVariantGroup section */
		BFC2559E1EA5EA6A004FA1A8 /* Main.storyboard */ = {
			isa = PBXVariantGroup;
			children = (
				BFC2559F1EA5EA6A004FA1A8 /* Base */,
			);
			name = Main.storyboard;
			sourceTree = "<group>";
		};
		BFC255A31EA5EA6A004FA1A8 /* LaunchScreen.storyboard */ = {
			isa = PBXVariantGroup;
			children = (
				BFC255A41EA5EA6A004FA1A8 /* Base */,
			);
			name = LaunchScreen.storyboard;
			sourceTree = "<group>";
		};
/* End PBXVariantGroup section */

/* Begin XCBuildConfiguration section */
		BFC255B21EA5EA6B004FA1A8 /* Debug */ = {
			isa = XCBuildConfiguration;
			buildSettings = {
				ALWAYS_SEARCH_USER_PATHS = NO;
				CLANG_ANALYZER_NONNULL = YES;
				CLANG_ANALYZER_NUMBER_OBJECT_CONVERSION = YES_AGGRESSIVE;
				CLANG_CXX_LANGUAGE_STANDARD = "gnu++0x";
				CLANG_CXX_LIBRARY = "libc++";
				CLANG_ENABLE_MODULES = YES;
				CLANG_ENABLE_OBJC_ARC = YES;
				CLANG_WARN_BOOL_CONVERSION = YES;
				CLANG_WARN_CONSTANT_CONVERSION = YES;
				CLANG_WARN_DIRECT_OBJC_ISA_USAGE = YES_ERROR;
				CLANG_WARN_DOCUMENTATION_COMMENTS = YES;
				CLANG_WARN_EMPTY_BODY = YES;
				CLANG_WARN_ENUM_CONVERSION = YES;
				CLANG_WARN_INFINITE_RECURSION = YES;
				CLANG_WARN_INT_CONVERSION = YES;
				CLANG_WARN_OBJC_ROOT_CLASS = YES_ERROR;
				CLANG_WARN_SUSPICIOUS_MOVE = YES;
				CLANG_WARN_UNREACHABLE_CODE = YES;
				CLANG_WARN__DUPLICATE_METHOD_MATCH = YES;
				"CODE_SIGN_IDENTITY[sdk=iphoneos*]" = "iPhone Developer";
				COPY_PHASE_STRIP = NO;
				DEBUG_INFORMATION_FORMAT = dwarf;
				ENABLE_STRICT_OBJC_MSGSEND = YES;
				ENABLE_TESTABILITY = YES;
				GCC_C_LANGUAGE_STANDARD = gnu99;
				GCC_DYNAMIC_NO_PIC = NO;
				GCC_NO_COMMON_BLOCKS = YES;
				GCC_OPTIMIZATION_LEVEL = 0;
				GCC_PREPROCESSOR_DEFINITIONS = (
					"DEBUG=1",
					"$(inherited)",
				);
				GCC_WARN_64_TO_32_BIT_CONVERSION = YES;
				GCC_WARN_ABOUT_RETURN_TYPE = YES_ERROR;
				GCC_WARN_UNDECLARED_SELECTOR = YES;
				GCC_WARN_UNINITIALIZED_AUTOS = YES_AGGRESSIVE;
				GCC_WARN_UNUSED_FUNCTION = YES;
				GCC_WARN_UNUSED_VARIABLE = YES;
				IPHONEOS_DEPLOYMENT_TARGET = 10.2;
				MTL_ENABLE_DEBUG_INFO = YES;
				ONLY_ACTIVE_ARCH = YES;
				SDKROOT = iphoneos;
				SWIFT_ACTIVE_COMPILATION_CONDITIONS = DEBUG;
				SWIFT_OPTIMIZATION_LEVEL = "-Onone";
				TARGETED_DEVICE_FAMILY = "1,2";
			};
			name = Debug;
		};
		BFC255B31EA5EA6B004FA1A8 /* Release */ = {
			isa = XCBuildConfiguration;
			buildSettings = {
				ALWAYS_SEARCH_USER_PATHS = NO;
				CLANG_ANALYZER_NONNULL = YES;
				CLANG_ANALYZER_NUMBER_OBJECT_CONVERSION = YES_AGGRESSIVE;
				CLANG_CXX_LANGUAGE_STANDARD = "gnu++0x";
				CLANG_CXX_LIBRARY = "libc++";
				CLANG_ENABLE_MODULES = YES;
				CLANG_ENABLE_OBJC_ARC = YES;
				CLANG_WARN_BOOL_CONVERSION = YES;
				CLANG_WARN_CONSTANT_CONVERSION = YES;
				CLANG_WARN_DIRECT_OBJC_ISA_USAGE = YES_ERROR;
				CLANG_WARN_DOCUMENTATION_COMMENTS = YES;
				CLANG_WARN_EMPTY_BODY = YES;
				CLANG_WARN_ENUM_CONVERSION = YES;
				CLANG_WARN_INFINITE_RECURSION = YES;
				CLANG_WARN_INT_CONVERSION = YES;
				CLANG_WARN_OBJC_ROOT_CLASS = YES_ERROR;
				CLANG_WARN_SUSPICIOUS_MOVE = YES;
				CLANG_WARN_UNREACHABLE_CODE = YES;
				CLANG_WARN__DUPLICATE_METHOD_MATCH = YES;
				"CODE_SIGN_IDENTITY[sdk=iphoneos*]" = "iPhone Developer";
				COPY_PHASE_STRIP = NO;
				DEBUG_INFORMATION_FORMAT = "dwarf-with-dsym";
				ENABLE_NS_ASSERTIONS = NO;
				ENABLE_STRICT_OBJC_MSGSEND = YES;
				GCC_C_LANGUAGE_STANDARD = gnu99;
				GCC_NO_COMMON_BLOCKS = YES;
				GCC_WARN_64_TO_32_BIT_CONVERSION = YES;
				GCC_WARN_ABOUT_RETURN_TYPE = YES_ERROR;
				GCC_WARN_UNDECLARED_SELECTOR = YES;
				GCC_WARN_UNINITIALIZED_AUTOS = YES_AGGRESSIVE;
				GCC_WARN_UNUSED_FUNCTION = YES;
				GCC_WARN_UNUSED_VARIABLE = YES;
				IPHONEOS_DEPLOYMENT_TARGET = 10.2;
				MTL_ENABLE_DEBUG_INFO = NO;
				SDKROOT = iphoneos;
				SWIFT_OPTIMIZATION_LEVEL = "-Owholemodule";
				TARGETED_DEVICE_FAMILY = "1,2";
				VALIDATE_PRODUCT = YES;
			};
			name = Release;
		};
		BFC255B51EA5EA6B004FA1A8 /* Debug */ = {
			isa = XCBuildConfiguration;
			baseConfigurationReference = 4066D5473361E9B03F5FC345 /* Pods-TwoPence.debug.xcconfig */;
			buildSettings = {
				ASSETCATALOG_COMPILER_APPICON_NAME = AppIcon;
				CLANG_ENABLE_MODULES = YES;
				DEVELOPMENT_TEAM = QQ7F8UFQ5X;
				INFOPLIST_FILE = TwoPence/Info.plist;
				IPHONEOS_DEPLOYMENT_TARGET = 10.2;
				LD_RUNPATH_SEARCH_PATHS = "$(inherited) @executable_path/Frameworks";
				PRODUCT_BUNDLE_IDENTIFIER = com1.gmail.wfgilman.TwoPence;
				PRODUCT_NAME = "$(TARGET_NAME)";
				SWIFT_OBJC_BRIDGING_HEADER = "TwoPence/TwoPence-Bridging-Header.h";
				SWIFT_OPTIMIZATION_LEVEL = "-Onone";
				SWIFT_VERSION = 3.0;
			};
			name = Debug;
		};
		BFC255B61EA5EA6B004FA1A8 /* Release */ = {
			isa = XCBuildConfiguration;
			baseConfigurationReference = AFF19F0EAE0D429842E3D9E7 /* Pods-TwoPence.release.xcconfig */;
			buildSettings = {
				ASSETCATALOG_COMPILER_APPICON_NAME = AppIcon;
				CLANG_ENABLE_MODULES = YES;
				DEVELOPMENT_TEAM = QQ7F8UFQ5X;
				INFOPLIST_FILE = TwoPence/Info.plist;
				IPHONEOS_DEPLOYMENT_TARGET = 10.2;
				LD_RUNPATH_SEARCH_PATHS = "$(inherited) @executable_path/Frameworks";
				PRODUCT_BUNDLE_IDENTIFIER = com1.gmail.wfgilman.TwoPence;
				PRODUCT_NAME = "$(TARGET_NAME)";
				SWIFT_OBJC_BRIDGING_HEADER = "TwoPence/TwoPence-Bridging-Header.h";
				SWIFT_VERSION = 3.0;
			};
			name = Release;
		};
		BFC255B81EA5EA6B004FA1A8 /* Debug */ = {
			isa = XCBuildConfiguration;
			baseConfigurationReference = B95380FACD16431EF605C997 /* Pods-TwoPenceTests.debug.xcconfig */;
			buildSettings = {
				ALWAYS_EMBED_SWIFT_STANDARD_LIBRARIES = YES;
				BUNDLE_LOADER = "$(TEST_HOST)";
				DEVELOPMENT_TEAM = R6RP45B3D5;
				INFOPLIST_FILE = TwoPenceTests/Info.plist;
				IPHONEOS_DEPLOYMENT_TARGET = 10.2;
				LD_RUNPATH_SEARCH_PATHS = "$(inherited) @executable_path/Frameworks @loader_path/Frameworks";
				MACOSX_DEPLOYMENT_TARGET = 10.12;
				PRODUCT_BUNDLE_IDENTIFIER = tech.samadhi.TwoPenceTests;
				PRODUCT_NAME = "$(TARGET_NAME)";
				SWIFT_VERSION = 3.0;
				TEST_HOST = "$(BUILT_PRODUCTS_DIR)/TwoPence.app/TwoPence";
				TVOS_DEPLOYMENT_TARGET = 10.1;
				WATCHOS_DEPLOYMENT_TARGET = 3.1;
			};
			name = Debug;
		};
		BFC255B91EA5EA6B004FA1A8 /* Release */ = {
			isa = XCBuildConfiguration;
			baseConfigurationReference = 433E66D3F2D4DF9422F90668 /* Pods-TwoPenceTests.release.xcconfig */;
			buildSettings = {
				ALWAYS_EMBED_SWIFT_STANDARD_LIBRARIES = YES;
				BUNDLE_LOADER = "$(TEST_HOST)";
				DEVELOPMENT_TEAM = R6RP45B3D5;
				INFOPLIST_FILE = TwoPenceTests/Info.plist;
				IPHONEOS_DEPLOYMENT_TARGET = 10.2;
				LD_RUNPATH_SEARCH_PATHS = "$(inherited) @executable_path/Frameworks @loader_path/Frameworks";
				MACOSX_DEPLOYMENT_TARGET = 10.12;
				PRODUCT_BUNDLE_IDENTIFIER = tech.samadhi.TwoPenceTests;
				PRODUCT_NAME = "$(TARGET_NAME)";
				SWIFT_VERSION = 3.0;
				TEST_HOST = "$(BUILT_PRODUCTS_DIR)/TwoPence.app/TwoPence";
				TVOS_DEPLOYMENT_TARGET = 10.1;
				WATCHOS_DEPLOYMENT_TARGET = 3.1;
			};
			name = Release;
		};
/* End XCBuildConfiguration section */

/* Begin XCConfigurationList section */
		BFC255921EA5EA6A004FA1A8 /* Build configuration list for PBXProject "TwoPence" */ = {
			isa = XCConfigurationList;
			buildConfigurations = (
				BFC255B21EA5EA6B004FA1A8 /* Debug */,
				BFC255B31EA5EA6B004FA1A8 /* Release */,
			);
			defaultConfigurationIsVisible = 0;
			defaultConfigurationName = Release;
		};
		BFC255B41EA5EA6B004FA1A8 /* Build configuration list for PBXNativeTarget "TwoPence" */ = {
			isa = XCConfigurationList;
			buildConfigurations = (
				BFC255B51EA5EA6B004FA1A8 /* Debug */,
				BFC255B61EA5EA6B004FA1A8 /* Release */,
			);
			defaultConfigurationIsVisible = 0;
			defaultConfigurationName = Release;
		};
		BFC255B71EA5EA6B004FA1A8 /* Build configuration list for PBXNativeTarget "TwoPenceTests" */ = {
			isa = XCConfigurationList;
			buildConfigurations = (
				BFC255B81EA5EA6B004FA1A8 /* Debug */,
				BFC255B91EA5EA6B004FA1A8 /* Release */,
			);
			defaultConfigurationIsVisible = 0;
			defaultConfigurationName = Release;
		};
/* End XCConfigurationList section */
	};
	rootObject = BFC2558F1EA5EA6A004FA1A8 /* Project object */;
}
